// !$*UTF8*$!
{
	archiveVersion = 1;
	classes = {
	};
	objectVersion = 46;
	objects = {

/* Begin PBXBuildFile section */
		2409533F1D6F5265006FFEFB /* StringFoundation.swift in Sources */ = {isa = PBXBuildFile; fileRef = 2409533E1D6F5265006FFEFB /* StringFoundation.swift */; };
		2409F25D1D5CB12A0066A7A3 /* PreviewScroller.swift in Sources */ = {isa = PBXBuildFile; fileRef = 2409F25C1D5CB12A0066A7A3 /* PreviewScroller.swift */; };
		2409F25F1D5CBD420066A7A3 /* WorkoutView.swift in Sources */ = {isa = PBXBuildFile; fileRef = 2409F25E1D5CBD420066A7A3 /* WorkoutView.swift */; };
		2409F2621D5CBFC40066A7A3 /* WorkoutTableDateLabel.swift in Sources */ = {isa = PBXBuildFile; fileRef = 2409F2611D5CBFC40066A7A3 /* WorkoutTableDateLabel.swift */; };
		2409F2641D5CCA390066A7A3 /* WorkoutLabels.swift in Sources */ = {isa = PBXBuildFile; fileRef = 2409F2631D5CCA390066A7A3 /* WorkoutLabels.swift */; };
		2409F2661D5CD3720066A7A3 /* WorkoutTableCell.swift in Sources */ = {isa = PBXBuildFile; fileRef = 2409F2651D5CD3720066A7A3 /* WorkoutTableCell.swift */; };
		2425CAD21D58E6A10074D32F /* NewWorkout.swift in Sources */ = {isa = PBXBuildFile; fileRef = 2425CAD11D58E6A10074D32F /* NewWorkout.swift */; };
		2425CAD41D58E81C0074D32F /* Text.swift in Sources */ = {isa = PBXBuildFile; fileRef = 2425CAD31D58E81C0074D32F /* Text.swift */; };
		2425CAD81D58F15C0074D32F /* NewWorkoutStandardViews.swift in Sources */ = {isa = PBXBuildFile; fileRef = 2425CAD71D58F15C0074D32F /* NewWorkoutStandardViews.swift */; };
		24311FDA1D505F8F00CA7C20 /* AppDelegate.swift in Sources */ = {isa = PBXBuildFile; fileRef = 24311FD91D505F8F00CA7C20 /* AppDelegate.swift */; };
		24311FDF1D505F8F00CA7C20 /* Main.storyboard in Resources */ = {isa = PBXBuildFile; fileRef = 24311FDD1D505F8F00CA7C20 /* Main.storyboard */; };
		24311FE41D505F8F00CA7C20 /* LaunchScreen.storyboard in Resources */ = {isa = PBXBuildFile; fileRef = 24311FE21D505F8F00CA7C20 /* LaunchScreen.storyboard */; };
		24311FFA1D505F8F00CA7C20 /* HtlaehUITests.swift in Sources */ = {isa = PBXBuildFile; fileRef = 24311FF91D505F8F00CA7C20 /* HtlaehUITests.swift */; };
		2432F2991D58D26800C89C1B /* Ripple.swift in Sources */ = {isa = PBXBuildFile; fileRef = 2432F2981D58D26800C89C1B /* Ripple.swift */; };
		2433C1EF1D61EA6000110F2D /* RealmStore.swift in Sources */ = {isa = PBXBuildFile; fileRef = 2433C1EE1D61EA6000110F2D /* RealmStore.swift */; };
		2433C1F11D61F12300110F2D /* DatePicker.swift in Sources */ = {isa = PBXBuildFile; fileRef = 2433C1F01D61F12300110F2D /* DatePicker.swift */; };
		2433C1F31D622FC700110F2D /* DatabaseDate.swift in Sources */ = {isa = PBXBuildFile; fileRef = 2433C1F21D622FC700110F2D /* DatabaseDate.swift */; };
		2433C1F51D62359D00110F2D /* RealmQuery.swift in Sources */ = {isa = PBXBuildFile; fileRef = 2433C1F41D62359D00110F2D /* RealmQuery.swift */; };
		243973471D63775F008FC8DA /* SignStandardViews.swift in Sources */ = {isa = PBXBuildFile; fileRef = 243973461D63775F008FC8DA /* SignStandardViews.swift */; };
		244691F51D5CA0ED008FB687 /* All.swift in Sources */ = {isa = PBXBuildFile; fileRef = 244691F41D5CA0ED008FB687 /* All.swift */; };
		2452780E1D52F0C30059C427 /* HomeRestView.swift in Sources */ = {isa = PBXBuildFile; fileRef = 2452780D1D52F0C30059C427 /* HomeRestView.swift */; };
		245FE48A1D648DA200AC6DD7 /* ViewsStructs.swift in Sources */ = {isa = PBXBuildFile; fileRef = 245FE4891D648DA200AC6DD7 /* ViewsStructs.swift */; };
		245FE48C1D64A0A700AC6DD7 /* Delay.swift in Sources */ = {isa = PBXBuildFile; fileRef = 245FE48B1D64A0A700AC6DD7 /* Delay.swift */; };
		245FE48F1D64DA0C00AC6DD7 /* SearchStandardViews.swift in Sources */ = {isa = PBXBuildFile; fileRef = 245FE48E1D64DA0C00AC6DD7 /* SearchStandardViews.swift */; };
		2460A2711D6748C8005E7F2E /* AllWorkoutsTable.swift in Sources */ = {isa = PBXBuildFile; fileRef = 2460A2701D6748C8005E7F2E /* AllWorkoutsTable.swift */; };
		2460A2731D674F66005E7F2E /* WorkoutCell.swift in Sources */ = {isa = PBXBuildFile; fileRef = 2460A2721D674F66005E7F2E /* WorkoutCell.swift */; };
		2460A2751D674FE8005E7F2E /* CellLayout.swift in Sources */ = {isa = PBXBuildFile; fileRef = 2460A2741D674FE8005E7F2E /* CellLayout.swift */; };
		2460C6441D74761B000DEA8B /* Bool Extension.swift in Sources */ = {isa = PBXBuildFile; fileRef = 2460C6431D74761B000DEA8B /* Bool Extension.swift */; };
		2460C6461D748936000DEA8B /* JSONSet.swift in Sources */ = {isa = PBXBuildFile; fileRef = 2460C6451D748936000DEA8B /* JSONSet.swift */; };
		2462ADE41D6347DF0015E955 /* ToolTip.swift in Sources */ = {isa = PBXBuildFile; fileRef = 2462ADE31D6347DF0015E955 /* ToolTip.swift */; };
		24635AF81D812A42005A6B0C /* HtlaehTest.swift in Sources */ = {isa = PBXBuildFile; fileRef = 24635AF71D812A42005A6B0C /* HtlaehTest.swift */; };
		246745361D7A514C00996F30 /* SimpleDialog.swift in Sources */ = {isa = PBXBuildFile; fileRef = 246745351D7A514C00996F30 /* SimpleDialog.swift */; };
		246745381D7A525600996F30 /* Direction.swift in Sources */ = {isa = PBXBuildFile; fileRef = 246745371D7A525600996F30 /* Direction.swift */; };
		246EF46C1D6F5A22005D272E /* AllToNew.swift in Sources */ = {isa = PBXBuildFile; fileRef = 246EF46B1D6F5A22005D272E /* AllToNew.swift */; };
		246EF46E1D6F60F9005D272E /* AllToSearch.swift in Sources */ = {isa = PBXBuildFile; fileRef = 246EF46D1D6F60F9005D272E /* AllToSearch.swift */; };
		246EF4701D6F67D0005D272E /* HomeNext.swift in Sources */ = {isa = PBXBuildFile; fileRef = 246EF46F1D6F67D0005D272E /* HomeNext.swift */; };
		24728CEA1D5A29F4007EA645 /* TextField.swift in Sources */ = {isa = PBXBuildFile; fileRef = 24728CE91D5A29F4007EA645 /* TextField.swift */; };
		24728CEC1D5A2A4A007EA645 /* TextFieldStyle.swift in Sources */ = {isa = PBXBuildFile; fileRef = 24728CEB1D5A2A4A007EA645 /* TextFieldStyle.swift */; };
		24748B4E1D6B2C2000522E4F /* Sundays.swift in Sources */ = {isa = PBXBuildFile; fileRef = 24748B4D1D6B2C2000522E4F /* Sundays.swift */; };
		24748B501D6B459600522E4F /* WorkoutCellHeader.swift in Sources */ = {isa = PBXBuildFile; fileRef = 24748B4F1D6B459600522E4F /* WorkoutCellHeader.swift */; };
		24748B521D6B68F700522E4F /* Int.swift in Sources */ = {isa = PBXBuildFile; fileRef = 24748B511D6B68F700522E4F /* Int.swift */; };
		2476B8C01D5E00CD008044A8 /* PreviewWorkoutViews.swift in Sources */ = {isa = PBXBuildFile; fileRef = 2476B8BF1D5E00CD008044A8 /* PreviewWorkoutViews.swift */; };
		2476B8C61D5E1C93008044A8 /* Preview.swift in Sources */ = {isa = PBXBuildFile; fileRef = 2476B8C51D5E1C93008044A8 /* Preview.swift */; };
		2476B8C81D5E200F008044A8 /* HeaderType.swift in Sources */ = {isa = PBXBuildFile; fileRef = 2476B8C71D5E200F008044A8 /* HeaderType.swift */; };
		2476B8CB1D5E2856008044A8 /* Settings.swift in Sources */ = {isa = PBXBuildFile; fileRef = 2476B8CA1D5E2856008044A8 /* Settings.swift */; };
		2476B8CD1D5E2954008044A8 /* NavigationDestinations.swift in Sources */ = {isa = PBXBuildFile; fileRef = 2476B8CC1D5E2954008044A8 /* NavigationDestinations.swift */; };
		2476B8CF1D5E297A008044A8 /* Search.swift in Sources */ = {isa = PBXBuildFile; fileRef = 2476B8CE1D5E297A008044A8 /* Search.swift */; };
		2476B8D11D5E3072008044A8 /* StoryboardSegueIdentifiers.swift in Sources */ = {isa = PBXBuildFile; fileRef = 2476B8D01D5E3072008044A8 /* StoryboardSegueIdentifiers.swift */; };
		247712111D786B64000F36F7 /* SettingsStandardViews.swift in Sources */ = {isa = PBXBuildFile; fileRef = 247712101D786B64000F36F7 /* SettingsStandardViews.swift */; };
		247712141D7872BB000F36F7 /* Switch.swift in Sources */ = {isa = PBXBuildFile; fileRef = 247712131D7872BB000F36F7 /* Switch.swift */; };
		247712161D7885DA000F36F7 /* SettingsLabel.swift in Sources */ = {isa = PBXBuildFile; fileRef = 247712151D7885DA000F36F7 /* SettingsLabel.swift */; };
		247712181D788FF2000F36F7 /* UserDefaults.swift in Sources */ = {isa = PBXBuildFile; fileRef = 247712171D788FF2000F36F7 /* UserDefaults.swift */; };
		247CA2E71D5408B70087F27A /* HomeStandardViews.swift in Sources */ = {isa = PBXBuildFile; fileRef = 247CA2E61D5408B70087F27A /* HomeStandardViews.swift */; };
		247CA2E91D540C290087F27A /* HomeDataState.swift in Sources */ = {isa = PBXBuildFile; fileRef = 247CA2E81D540C290087F27A /* HomeDataState.swift */; };
		247CA2EC1D54182E0087F27A /* HomeWelcomeViews.swift in Sources */ = {isa = PBXBuildFile; fileRef = 247CA2EB1D54182E0087F27A /* HomeWelcomeViews.swift */; };
		247CA2EE1D54D7D10087F27A /* HomeTutorial.swift in Sources */ = {isa = PBXBuildFile; fileRef = 247CA2ED1D54D7D10087F27A /* HomeTutorial.swift */; };
		247CA2F21D54D8280087F27A /* Tutorial.swift in Sources */ = {isa = PBXBuildFile; fileRef = 247CA2F11D54D8280087F27A /* Tutorial.swift */; };
		2481382C1D525CE00020D97C /* WorkoutSets.swift in Sources */ = {isa = PBXBuildFile; fileRef = 2481382B1D525CE00020D97C /* WorkoutSets.swift */; };
		248162F81D77313A006DE3B5 /* Audio.swift in Sources */ = {isa = PBXBuildFile; fileRef = 248162F71D77313A006DE3B5 /* Audio.swift */; };
		248162FA1D7733AB006DE3B5 /* AVFoundation.framework in Frameworks */ = {isa = PBXBuildFile; fileRef = 248162F91D7733AB006DE3B5 /* AVFoundation.framework */; };
		248194E71D6F316B002B6C7A /* newToPreview.swift in Sources */ = {isa = PBXBuildFile; fileRef = 248194E61D6F316B002B6C7A /* newToPreview.swift */; };
		248695621D65E1470042E3D2 /* SearchBar.swift in Sources */ = {isa = PBXBuildFile; fileRef = 248695611D65E1470042E3D2 /* SearchBar.swift */; };
		248695661D65FC0B0042E3D2 /* SearchResultsViews.swift in Sources */ = {isa = PBXBuildFile; fileRef = 248695651D65FC0B0042E3D2 /* SearchResultsViews.swift */; };
		24887CF11D75C2E70063D3BA /* HomeSetView.swift in Sources */ = {isa = PBXBuildFile; fileRef = 24887CF01D75C2E70063D3BA /* HomeSetView.swift */; };
		248924CA1D80772100FE1852 /* Double.swift in Sources */ = {isa = PBXBuildFile; fileRef = 248924C91D80772100FE1852 /* Double.swift */; };
		248A0B131D660155002D4E0C /* StatsView.swift in Sources */ = {isa = PBXBuildFile; fileRef = 248A0B121D660155002D4E0C /* StatsView.swift */; };
		248A0B151D660193002D4E0C /* StatsViewData.swift in Sources */ = {isa = PBXBuildFile; fileRef = 248A0B141D660193002D4E0C /* StatsViewData.swift */; };
		248A0B171D6605CA002D4E0C /* Grid.swift in Sources */ = {isa = PBXBuildFile; fileRef = 248A0B161D6605CA002D4E0C /* Grid.swift */; };
		248B8E481D7D997D0003B30C /* HomeSetProtocols.swift in Sources */ = {isa = PBXBuildFile; fileRef = 248B8E471D7D997D0003B30C /* HomeSetProtocols.swift */; };
		248B8E4A1D7D9A3A0003B30C /* HomeHint.swift in Sources */ = {isa = PBXBuildFile; fileRef = 248B8E491D7D9A3A0003B30C /* HomeHint.swift */; };
		248B8E4C1D7D9A9C0003B30C /* HomeContent.swift in Sources */ = {isa = PBXBuildFile; fileRef = 248B8E4B1D7D9A9C0003B30C /* HomeContent.swift */; };
		248B8E4E1D7D9AB40003B30C /* HomeAccent.swift in Sources */ = {isa = PBXBuildFile; fileRef = 248B8E4D1D7D9AB40003B30C /* HomeAccent.swift */; };
		248B8E501D7DA0930003B30C /* HomeLabelSettings.swift in Sources */ = {isa = PBXBuildFile; fileRef = 248B8E4F1D7DA0930003B30C /* HomeLabelSettings.swift */; };
		248B8E521D7DA3F50003B30C /* HomeLabelLocation.swift in Sources */ = {isa = PBXBuildFile; fileRef = 248B8E511D7DA3F50003B30C /* HomeLabelLocation.swift */; };
		248B8E541D7DD49C0003B30C /* RestTimer.swift in Sources */ = {isa = PBXBuildFile; fileRef = 248B8E531D7DD49C0003B30C /* RestTimer.swift */; };
		248B8E561D7DECC60003B30C /* MenuButtonInitializers.swift in Sources */ = {isa = PBXBuildFile; fileRef = 248B8E551D7DECC60003B30C /* MenuButtonInitializers.swift */; };
		249A7FFB1D6DED0300BF95B7 /* Array.swift in Sources */ = {isa = PBXBuildFile; fileRef = 249A7FFA1D6DED0300BF95B7 /* Array.swift */; };
		249A7FFE1D6DED3100BF95B7 /* Dictionary.swift in Sources */ = {isa = PBXBuildFile; fileRef = 249A7FFD1D6DED3100BF95B7 /* Dictionary.swift */; };
		249A80001D6DEF8700BF95B7 /* SuggestionsTable.swift in Sources */ = {isa = PBXBuildFile; fileRef = 249A7FFF1D6DEF8700BF95B7 /* SuggestionsTable.swift */; };
		249A80021D6DF20000BF95B7 /* SuggestionCell.swift in Sources */ = {isa = PBXBuildFile; fileRef = 249A80011D6DF20000BF95B7 /* SuggestionCell.swift */; };
		24AAB4F71D609DC100F297DD /* Toast.swift in Sources */ = {isa = PBXBuildFile; fileRef = 24AAB4F61D609DC100F297DD /* Toast.swift */; };
		24AAB4F91D60A5CC00F297DD /* CircularView.swift in Sources */ = {isa = PBXBuildFile; fileRef = 24AAB4F81D60A5CC00F297DD /* CircularView.swift */; };
		24AFD1A01D50EF07002DF526 /* Roboto-Bold.ttf in Resources */ = {isa = PBXBuildFile; fileRef = 24AFD19B1D50EED7002DF526 /* Roboto-Bold.ttf */; };
		24AFD1A11D50EF07002DF526 /* Roboto-Light.ttf in Resources */ = {isa = PBXBuildFile; fileRef = 24AFD19C1D50EED7002DF526 /* Roboto-Light.ttf */; };
		24AFD1A21D50EF07002DF526 /* Roboto-Medium.ttf in Resources */ = {isa = PBXBuildFile; fileRef = 24AFD19D1D50EED7002DF526 /* Roboto-Medium.ttf */; };
		24AFD1A31D50EF07002DF526 /* Roboto-Regular.ttf in Resources */ = {isa = PBXBuildFile; fileRef = 24AFD19E1D50EED7002DF526 /* Roboto-Regular.ttf */; };
		24AFD1A41D50EF07002DF526 /* Roboto-Thin.ttf in Resources */ = {isa = PBXBuildFile; fileRef = 24AFD19F1D50EED7002DF526 /* Roboto-Thin.ttf */; };
		24AFD1A61D50EFC5002DF526 /* Assets.xcassets in Resources */ = {isa = PBXBuildFile; fileRef = 24AFD1A51D50EFC5002DF526 /* Assets.xcassets */; };
		24AFD1AD1D50F1A0002DF526 /* Home.swift in Sources */ = {isa = PBXBuildFile; fileRef = 24AFD1AA1D50F1A0002DF526 /* Home.swift */; };
		24AFD1AE1D50F1A0002DF526 /* Sign.swift in Sources */ = {isa = PBXBuildFile; fileRef = 24AFD1AB1D50F1A0002DF526 /* Sign.swift */; };
		24AFD1AF1D50F1A0002DF526 /* Controller.swift in Sources */ = {isa = PBXBuildFile; fileRef = 24AFD1AC1D50F1A0002DF526 /* Controller.swift */; };
		24AFD1B41D50F1C4002DF526 /* HomeTextPresentable.swift in Sources */ = {isa = PBXBuildFile; fileRef = 24AFD1B11D50F1C4002DF526 /* HomeTextPresentable.swift */; };
		24AFD1B51D50F1C4002DF526 /* HeaderLabels.swift in Sources */ = {isa = PBXBuildFile; fileRef = 24AFD1B21D50F1C4002DF526 /* HeaderLabels.swift */; };
		24AFD1B61D50F1C4002DF526 /* WorkoutCardStyle.swift in Sources */ = {isa = PBXBuildFile; fileRef = 24AFD1B31D50F1C4002DF526 /* WorkoutCardStyle.swift */; };
		24AFD1B81D50F1EE002DF526 /* Layout.swift in Sources */ = {isa = PBXBuildFile; fileRef = 24AFD1B71D50F1EE002DF526 /* Layout.swift */; };
		24AFD1C51D50F21D002DF526 /* Head.swift in Sources */ = {isa = PBXBuildFile; fileRef = 24AFD1BB1D50F21D002DF526 /* Head.swift */; };
		24AFD1C61D50F21D002DF526 /* BoldHeader.swift in Sources */ = {isa = PBXBuildFile; fileRef = 24AFD1BC1D50F21D002DF526 /* BoldHeader.swift */; };
		24AFD1C71D50F21D002DF526 /* LoadingAnimation.swift in Sources */ = {isa = PBXBuildFile; fileRef = 24AFD1BD1D50F21D002DF526 /* LoadingAnimation.swift */; };
		24AFD1C81D50F21D002DF526 /* ImageView.swift in Sources */ = {isa = PBXBuildFile; fileRef = 24AFD1BE1D50F21D002DF526 /* ImageView.swift */; };
		24AFD1C91D50F21D002DF526 /* Logo.swift in Sources */ = {isa = PBXBuildFile; fileRef = 24AFD1BF1D50F21D002DF526 /* Logo.swift */; };
		24AFD1CA1D50F21D002DF526 /* Images.swift in Sources */ = {isa = PBXBuildFile; fileRef = 24AFD1C01D50F21D002DF526 /* Images.swift */; };
		24AFD1CB1D50F21D002DF526 /* UILabel.swift in Sources */ = {isa = PBXBuildFile; fileRef = 24AFD1C11D50F21D002DF526 /* UILabel.swift */; };
		24AFD1CC1D50F21D002DF526 /* String.swift in Sources */ = {isa = PBXBuildFile; fileRef = 24AFD1C21D50F21D002DF526 /* String.swift */; };
		24AFD1CD1D50F21D002DF526 /* StandardAnimation.swift in Sources */ = {isa = PBXBuildFile; fileRef = 24AFD1C31D50F21D002DF526 /* StandardAnimation.swift */; };
		24AFD1CE1D50F21D002DF526 /* Line.swift in Sources */ = {isa = PBXBuildFile; fileRef = 24AFD1C41D50F21D002DF526 /* Line.swift */; };
		24AFD1E01D50F23B002DF526 /* BackgroundGrey.swift in Sources */ = {isa = PBXBuildFile; fileRef = 24AFD1D01D50F23B002DF526 /* BackgroundGrey.swift */; };
		24AFD1E11D50F23B002DF526 /* Button.swift in Sources */ = {isa = PBXBuildFile; fileRef = 24AFD1D11D50F23B002DF526 /* Button.swift */; };
		24AFD1E21D50F23B002DF526 /* Card.swift in Sources */ = {isa = PBXBuildFile; fileRef = 24AFD1D21D50F23B002DF526 /* Card.swift */; };
		24AFD1E31D50F23B002DF526 /* Color.swift in Sources */ = {isa = PBXBuildFile; fileRef = 24AFD1D31D50F23B002DF526 /* Color.swift */; };
		24AFD1E41D50F23B002DF526 /* Dragable.swift in Sources */ = {isa = PBXBuildFile; fileRef = 24AFD1D41D50F23B002DF526 /* Dragable.swift */; };
		24AFD1E51D50F23B002DF526 /* Dialog.swift in Sources */ = {isa = PBXBuildFile; fileRef = 24AFD1D51D50F23B002DF526 /* Dialog.swift */; };
		24AFD1E61D50F23B002DF526 /* Font.swift in Sources */ = {isa = PBXBuildFile; fileRef = 24AFD1D61D50F23B002DF526 /* Font.swift */; };
		24AFD1E71D50F23B002DF526 /* Header.swift in Sources */ = {isa = PBXBuildFile; fileRef = 24AFD1D71D50F23B002DF526 /* Header.swift */; };
		24AFD1E81D50F23B002DF526 /* Icon.swift in Sources */ = {isa = PBXBuildFile; fileRef = 24AFD1D81D50F23B002DF526 /* Icon.swift */; };
		24AFD1E91D50F23B002DF526 /* MaterialView.swift in Sources */ = {isa = PBXBuildFile; fileRef = 24AFD1D91D50F23B002DF526 /* MaterialView.swift */; };
		24AFD1EA1D50F23B002DF526 /* Menu.swift in Sources */ = {isa = PBXBuildFile; fileRef = 24AFD1DA1D50F23B002DF526 /* Menu.swift */; };
		24AFD1EB1D50F23B002DF526 /* NavigationBar.swift in Sources */ = {isa = PBXBuildFile; fileRef = 24AFD1DB1D50F23B002DF526 /* NavigationBar.swift */; };
		24AFD1EC1D50F23B002DF526 /* Overlay.swift in Sources */ = {isa = PBXBuildFile; fileRef = 24AFD1DC1D50F23B002DF526 /* Overlay.swift */; };
		24AFD1ED1D50F23B002DF526 /* Scroller.swift in Sources */ = {isa = PBXBuildFile; fileRef = 24AFD1DD1D50F23B002DF526 /* Scroller.swift */; };
		24AFD1EE1D50F23B002DF526 /* TextView.swift in Sources */ = {isa = PBXBuildFile; fileRef = 24AFD1DE1D50F23B002DF526 /* TextView.swift */; };
		24AFD1EF1D50F23B002DF526 /* TouchableView.swift in Sources */ = {isa = PBXBuildFile; fileRef = 24AFD1DF1D50F23B002DF526 /* TouchableView.swift */; };
		24AFD1F11D50F24C002DF526 /* RevealAlpha.swift in Sources */ = {isa = PBXBuildFile; fileRef = 24AFD1F01D50F24C002DF526 /* RevealAlpha.swift */; };
		24AFD1F71D50F2AE002DF526 /* AccountDialog.swift in Sources */ = {isa = PBXBuildFile; fileRef = 24AFD1F61D50F2AE002DF526 /* AccountDialog.swift */; };
		24AFD1F91D50F2BB002DF526 /* NavigationButton.swift in Sources */ = {isa = PBXBuildFile; fileRef = 24AFD1F81D50F2BB002DF526 /* NavigationButton.swift */; };
		24AFD1FE1D50F2FE002DF526 /* Time.swift in Sources */ = {isa = PBXBuildFile; fileRef = 24AFD1FC1D50F2FE002DF526 /* Time.swift */; };
		24AFD1FF1D50F2FE002DF526 /* Date.swift in Sources */ = {isa = PBXBuildFile; fileRef = 24AFD1FD1D50F2FE002DF526 /* Date.swift */; };
		24AFD2051D50F323002DF526 /* ExerciseSet.swift in Sources */ = {isa = PBXBuildFile; fileRef = 24AFD2031D50F323002DF526 /* ExerciseSet.swift */; };
		24AFD2061D50F323002DF526 /* Workout.swift in Sources */ = {isa = PBXBuildFile; fileRef = 24AFD2041D50F323002DF526 /* Workout.swift */; };
		24AFD2091D50F751002DF526 /* GoogleService-Info.plist in Resources */ = {isa = PBXBuildFile; fileRef = 24AFD2081D50F751002DF526 /* GoogleService-Info.plist */; };
		24AFD20B1D50FA09002DF526 /* Account.swift in Sources */ = {isa = PBXBuildFile; fileRef = 24AFD20A1D50FA09002DF526 /* Account.swift */; };
		24AFD20F1D5104CA002DF526 /* Keychain.swift in Sources */ = {isa = PBXBuildFile; fileRef = 24AFD20E1D5104CA002DF526 /* Keychain.swift */; };
		24B5C24A1D63596B00C0FDD8 /* FABAnimation.swift in Sources */ = {isa = PBXBuildFile; fileRef = 24B5C2491D63596B00C0FDD8 /* FABAnimation.swift */; };
		24B7150E1D7F477C002287A5 /* HomeMoreActions.swift in Sources */ = {isa = PBXBuildFile; fileRef = 24B7150D1D7F477C002287A5 /* HomeMoreActions.swift */; };
		24B715101D7F5EA0002287A5 /* EnclosingCircle.swift in Sources */ = {isa = PBXBuildFile; fileRef = 24B7150F1D7F5EA0002287A5 /* EnclosingCircle.swift */; };
		24B715121D7F66AB002287A5 /* HomeResultsView.swift in Sources */ = {isa = PBXBuildFile; fileRef = 24B715111D7F66AB002287A5 /* HomeResultsView.swift */; };
		24C478801D5A3DF6002D0513 /* TextFieldState.swift in Sources */ = {isa = PBXBuildFile; fileRef = 24C4787F1D5A3DF6002D0513 /* TextFieldState.swift */; };
		24CC5EC21D5CA17D00BCB833 /* AllStandardViews.swift in Sources */ = {isa = PBXBuildFile; fileRef = 24CC5EC11D5CA17D00BCB833 /* AllStandardViews.swift */; };
		24D6A90F1D58F8300085EDF5 /* TextFieldOptions.swift in Sources */ = {isa = PBXBuildFile; fileRef = 24D6A90E1D58F8300085EDF5 /* TextFieldOptions.swift */; };
		24D6A9111D58FFFE0085EDF5 /* Rect.swift in Sources */ = {isa = PBXBuildFile; fileRef = 24D6A9101D58FFFE0085EDF5 /* Rect.swift */; };
		24E0E5961D5CDF1700458C60 /* WorkoutTableView.swift in Sources */ = {isa = PBXBuildFile; fileRef = 24E0E5951D5CDF1700458C60 /* WorkoutTableView.swift */; };
		24E4B0431D5252430028BB5F /* TwitterDigits.swift in Sources */ = {isa = PBXBuildFile; fileRef = 24E4B0421D5252430028BB5F /* TwitterDigits.swift */; };
		24E4B0451D5253A00028BB5F /* RealmSet.swift in Sources */ = {isa = PBXBuildFile; fileRef = 24E4B0441D5253A00028BB5F /* RealmSet.swift */; };
		92478F54BBE1C3A650CFF3FE /* Pods_Htlaeh.framework in Frameworks */ = {isa = PBXBuildFile; fileRef = 7BF33057B3BE1CB1E20EC65F /* Pods_Htlaeh.framework */; };
		C44EEA33DA05421AD5CA0E48 /* Pods_HtlaehTests.framework in Frameworks */ = {isa = PBXBuildFile; fileRef = 90F16F94F66E8F4F2EFF74C5 /* Pods_HtlaehTests.framework */; };
		DD9E8E03F9F66F2B8DB4E94C /* Pods_HtlaehUITests.framework in Frameworks */ = {isa = PBXBuildFile; fileRef = 3C7C01371891DC581DF5AF8F /* Pods_HtlaehUITests.framework */; };
/* End PBXBuildFile section */

/* Begin PBXContainerItemProxy section */
		24311FEB1D505F8F00CA7C20 /* PBXContainerItemProxy */ = {
			isa = PBXContainerItemProxy;
			containerPortal = 24311FCE1D505F8F00CA7C20 /* Project object */;
			proxyType = 1;
			remoteGlobalIDString = 24311FD51D505F8F00CA7C20;
			remoteInfo = Htlaeh;
		};
		24311FF61D505F8F00CA7C20 /* PBXContainerItemProxy */ = {
			isa = PBXContainerItemProxy;
			containerPortal = 24311FCE1D505F8F00CA7C20 /* Project object */;
			proxyType = 1;
			remoteGlobalIDString = 24311FD51D505F8F00CA7C20;
			remoteInfo = Htlaeh;
		};
/* End PBXContainerItemProxy section */

/* Begin PBXFileReference section */
		0F42263300B320C9E070B811 /* Pods-HtlaehTests.release.xcconfig */ = {isa = PBXFileReference; includeInIndex = 1; lastKnownFileType = text.xcconfig; name = "Pods-HtlaehTests.release.xcconfig"; path = "Pods/Target Support Files/Pods-HtlaehTests/Pods-HtlaehTests.release.xcconfig"; sourceTree = "<group>"; };
		2409533E1D6F5265006FFEFB /* StringFoundation.swift */ = {isa = PBXFileReference; fileEncoding = 4; lastKnownFileType = sourcecode.swift; path = StringFoundation.swift; sourceTree = "<group>"; };
		2409F25C1D5CB12A0066A7A3 /* PreviewScroller.swift */ = {isa = PBXFileReference; fileEncoding = 4; lastKnownFileType = sourcecode.swift; path = PreviewScroller.swift; sourceTree = "<group>"; };
		2409F25E1D5CBD420066A7A3 /* WorkoutView.swift */ = {isa = PBXFileReference; fileEncoding = 4; lastKnownFileType = sourcecode.swift; path = WorkoutView.swift; sourceTree = "<group>"; };
		2409F2611D5CBFC40066A7A3 /* WorkoutTableDateLabel.swift */ = {isa = PBXFileReference; fileEncoding = 4; lastKnownFileType = sourcecode.swift; path = WorkoutTableDateLabel.swift; sourceTree = "<group>"; };
		2409F2631D5CCA390066A7A3 /* WorkoutLabels.swift */ = {isa = PBXFileReference; fileEncoding = 4; lastKnownFileType = sourcecode.swift; path = WorkoutLabels.swift; sourceTree = "<group>"; };
		2409F2651D5CD3720066A7A3 /* WorkoutTableCell.swift */ = {isa = PBXFileReference; fileEncoding = 4; lastKnownFileType = sourcecode.swift; path = WorkoutTableCell.swift; sourceTree = "<group>"; };
		2425CAD11D58E6A10074D32F /* NewWorkout.swift */ = {isa = PBXFileReference; fileEncoding = 4; lastKnownFileType = sourcecode.swift; path = NewWorkout.swift; sourceTree = "<group>"; };
		2425CAD31D58E81C0074D32F /* Text.swift */ = {isa = PBXFileReference; fileEncoding = 4; lastKnownFileType = sourcecode.swift; path = Text.swift; sourceTree = "<group>"; };
		2425CAD71D58F15C0074D32F /* NewWorkoutStandardViews.swift */ = {isa = PBXFileReference; fileEncoding = 4; lastKnownFileType = sourcecode.swift; path = NewWorkoutStandardViews.swift; sourceTree = "<group>"; };
		24311FD61D505F8F00CA7C20 /* Htlaeh.app */ = {isa = PBXFileReference; explicitFileType = wrapper.application; includeInIndex = 0; path = Htlaeh.app; sourceTree = BUILT_PRODUCTS_DIR; };
		24311FD91D505F8F00CA7C20 /* AppDelegate.swift */ = {isa = PBXFileReference; lastKnownFileType = sourcecode.swift; path = AppDelegate.swift; sourceTree = "<group>"; };
		24311FDE1D505F8F00CA7C20 /* Base */ = {isa = PBXFileReference; lastKnownFileType = file.storyboard; name = Base; path = Base.lproj/Main.storyboard; sourceTree = "<group>"; };
		24311FE31D505F8F00CA7C20 /* Base */ = {isa = PBXFileReference; lastKnownFileType = file.storyboard; name = Base; path = Base.lproj/LaunchScreen.storyboard; sourceTree = "<group>"; };
		24311FE51D505F8F00CA7C20 /* Info.plist */ = {isa = PBXFileReference; lastKnownFileType = text.plist.xml; path = Info.plist; sourceTree = "<group>"; };
		24311FEA1D505F8F00CA7C20 /* HtlaehTests.xctest */ = {isa = PBXFileReference; explicitFileType = wrapper.cfbundle; includeInIndex = 0; path = HtlaehTests.xctest; sourceTree = BUILT_PRODUCTS_DIR; };
		24311FF01D505F8F00CA7C20 /* Info.plist */ = {isa = PBXFileReference; lastKnownFileType = text.plist.xml; path = Info.plist; sourceTree = "<group>"; };
		24311FF51D505F8F00CA7C20 /* HtlaehUITests.xctest */ = {isa = PBXFileReference; explicitFileType = wrapper.cfbundle; includeInIndex = 0; path = HtlaehUITests.xctest; sourceTree = BUILT_PRODUCTS_DIR; };
		24311FF91D505F8F00CA7C20 /* HtlaehUITests.swift */ = {isa = PBXFileReference; lastKnownFileType = sourcecode.swift; path = HtlaehUITests.swift; sourceTree = "<group>"; };
		24311FFB1D505F8F00CA7C20 /* Info.plist */ = {isa = PBXFileReference; lastKnownFileType = text.plist.xml; path = Info.plist; sourceTree = "<group>"; };
		2432F2981D58D26800C89C1B /* Ripple.swift */ = {isa = PBXFileReference; fileEncoding = 4; lastKnownFileType = sourcecode.swift; path = Ripple.swift; sourceTree = "<group>"; };
		2433C1EE1D61EA6000110F2D /* RealmStore.swift */ = {isa = PBXFileReference; fileEncoding = 4; lastKnownFileType = sourcecode.swift; path = RealmStore.swift; sourceTree = "<group>"; };
		2433C1F01D61F12300110F2D /* DatePicker.swift */ = {isa = PBXFileReference; fileEncoding = 4; lastKnownFileType = sourcecode.swift; path = DatePicker.swift; sourceTree = "<group>"; };
		2433C1F21D622FC700110F2D /* DatabaseDate.swift */ = {isa = PBXFileReference; fileEncoding = 4; lastKnownFileType = sourcecode.swift; path = DatabaseDate.swift; sourceTree = "<group>"; };
		2433C1F41D62359D00110F2D /* RealmQuery.swift */ = {isa = PBXFileReference; fileEncoding = 4; lastKnownFileType = sourcecode.swift; path = RealmQuery.swift; sourceTree = "<group>"; };
		243973461D63775F008FC8DA /* SignStandardViews.swift */ = {isa = PBXFileReference; fileEncoding = 4; lastKnownFileType = sourcecode.swift; path = SignStandardViews.swift; sourceTree = "<group>"; };
		244691F41D5CA0ED008FB687 /* All.swift */ = {isa = PBXFileReference; fileEncoding = 4; lastKnownFileType = sourcecode.swift; path = All.swift; sourceTree = "<group>"; };
		2452780D1D52F0C30059C427 /* HomeRestView.swift */ = {isa = PBXFileReference; fileEncoding = 4; lastKnownFileType = sourcecode.swift; lineEnding = 0; path = HomeRestView.swift; sourceTree = "<group>"; xcLanguageSpecificationIdentifier = xcode.lang.swift; };
		245FE4891D648DA200AC6DD7 /* ViewsStructs.swift */ = {isa = PBXFileReference; fileEncoding = 4; lastKnownFileType = sourcecode.swift; path = ViewsStructs.swift; sourceTree = "<group>"; };
		245FE48B1D64A0A700AC6DD7 /* Delay.swift */ = {isa = PBXFileReference; fileEncoding = 4; lastKnownFileType = sourcecode.swift; path = Delay.swift; sourceTree = "<group>"; };
		245FE48E1D64DA0C00AC6DD7 /* SearchStandardViews.swift */ = {isa = PBXFileReference; fileEncoding = 4; lastKnownFileType = sourcecode.swift; lineEnding = 0; path = SearchStandardViews.swift; sourceTree = "<group>"; xcLanguageSpecificationIdentifier = xcode.lang.swift; };
		2460A2701D6748C8005E7F2E /* AllWorkoutsTable.swift */ = {isa = PBXFileReference; fileEncoding = 4; lastKnownFileType = sourcecode.swift; path = AllWorkoutsTable.swift; sourceTree = "<group>"; };
		2460A2721D674F66005E7F2E /* WorkoutCell.swift */ = {isa = PBXFileReference; fileEncoding = 4; lastKnownFileType = sourcecode.swift; path = WorkoutCell.swift; sourceTree = "<group>"; };
		2460A2741D674FE8005E7F2E /* CellLayout.swift */ = {isa = PBXFileReference; fileEncoding = 4; lastKnownFileType = sourcecode.swift; path = CellLayout.swift; sourceTree = "<group>"; };
		2460C6431D74761B000DEA8B /* Bool Extension.swift */ = {isa = PBXFileReference; fileEncoding = 4; lastKnownFileType = sourcecode.swift; path = "Bool Extension.swift"; sourceTree = "<group>"; };
		2460C6451D748936000DEA8B /* JSONSet.swift */ = {isa = PBXFileReference; fileEncoding = 4; lastKnownFileType = sourcecode.swift; path = JSONSet.swift; sourceTree = "<group>"; };
		2462ADE31D6347DF0015E955 /* ToolTip.swift */ = {isa = PBXFileReference; fileEncoding = 4; lastKnownFileType = sourcecode.swift; path = ToolTip.swift; sourceTree = "<group>"; };
		24635AF71D812A42005A6B0C /* HtlaehTest.swift */ = {isa = PBXFileReference; fileEncoding = 4; lastKnownFileType = sourcecode.swift; path = HtlaehTest.swift; sourceTree = "<group>"; };
		246745351D7A514C00996F30 /* SimpleDialog.swift */ = {isa = PBXFileReference; fileEncoding = 4; lastKnownFileType = sourcecode.swift; path = SimpleDialog.swift; sourceTree = "<group>"; };
		246745371D7A525600996F30 /* Direction.swift */ = {isa = PBXFileReference; fileEncoding = 4; lastKnownFileType = sourcecode.swift; path = Direction.swift; sourceTree = "<group>"; };
		246EF46B1D6F5A22005D272E /* AllToNew.swift */ = {isa = PBXFileReference; fileEncoding = 4; lastKnownFileType = sourcecode.swift; path = AllToNew.swift; sourceTree = "<group>"; };
		246EF46D1D6F60F9005D272E /* AllToSearch.swift */ = {isa = PBXFileReference; fileEncoding = 4; lastKnownFileType = sourcecode.swift; path = AllToSearch.swift; sourceTree = "<group>"; };
		246EF46F1D6F67D0005D272E /* HomeNext.swift */ = {isa = PBXFileReference; fileEncoding = 4; lastKnownFileType = sourcecode.swift; path = HomeNext.swift; sourceTree = "<group>"; };
		24728CE91D5A29F4007EA645 /* TextField.swift */ = {isa = PBXFileReference; fileEncoding = 4; lastKnownFileType = sourcecode.swift; path = TextField.swift; sourceTree = "<group>"; };
		24728CEB1D5A2A4A007EA645 /* TextFieldStyle.swift */ = {isa = PBXFileReference; fileEncoding = 4; lastKnownFileType = sourcecode.swift; path = TextFieldStyle.swift; sourceTree = "<group>"; };
		24748B4D1D6B2C2000522E4F /* Sundays.swift */ = {isa = PBXFileReference; fileEncoding = 4; lastKnownFileType = sourcecode.swift; path = Sundays.swift; sourceTree = "<group>"; };
		24748B4F1D6B459600522E4F /* WorkoutCellHeader.swift */ = {isa = PBXFileReference; fileEncoding = 4; lastKnownFileType = sourcecode.swift; path = WorkoutCellHeader.swift; sourceTree = "<group>"; };
		24748B511D6B68F700522E4F /* Int.swift */ = {isa = PBXFileReference; fileEncoding = 4; lastKnownFileType = sourcecode.swift; path = Int.swift; sourceTree = "<group>"; };
		2476B8BF1D5E00CD008044A8 /* PreviewWorkoutViews.swift */ = {isa = PBXFileReference; fileEncoding = 4; lastKnownFileType = sourcecode.swift; path = PreviewWorkoutViews.swift; sourceTree = "<group>"; };
		2476B8C51D5E1C93008044A8 /* Preview.swift */ = {isa = PBXFileReference; fileEncoding = 4; lastKnownFileType = sourcecode.swift; path = Preview.swift; sourceTree = "<group>"; };
		2476B8C71D5E200F008044A8 /* HeaderType.swift */ = {isa = PBXFileReference; fileEncoding = 4; lastKnownFileType = sourcecode.swift; path = HeaderType.swift; sourceTree = "<group>"; };
		2476B8CA1D5E2856008044A8 /* Settings.swift */ = {isa = PBXFileReference; fileEncoding = 4; lastKnownFileType = sourcecode.swift; path = Settings.swift; sourceTree = "<group>"; };
		2476B8CC1D5E2954008044A8 /* NavigationDestinations.swift */ = {isa = PBXFileReference; fileEncoding = 4; lastKnownFileType = sourcecode.swift; path = NavigationDestinations.swift; sourceTree = "<group>"; };
		2476B8CE1D5E297A008044A8 /* Search.swift */ = {isa = PBXFileReference; fileEncoding = 4; lastKnownFileType = sourcecode.swift; path = Search.swift; sourceTree = "<group>"; };
		2476B8D01D5E3072008044A8 /* StoryboardSegueIdentifiers.swift */ = {isa = PBXFileReference; fileEncoding = 4; lastKnownFileType = sourcecode.swift; path = StoryboardSegueIdentifiers.swift; sourceTree = "<group>"; };
		247712101D786B64000F36F7 /* SettingsStandardViews.swift */ = {isa = PBXFileReference; fileEncoding = 4; lastKnownFileType = sourcecode.swift; path = SettingsStandardViews.swift; sourceTree = "<group>"; };
		247712131D7872BB000F36F7 /* Switch.swift */ = {isa = PBXFileReference; fileEncoding = 4; lastKnownFileType = sourcecode.swift; path = Switch.swift; sourceTree = "<group>"; };
		247712151D7885DA000F36F7 /* SettingsLabel.swift */ = {isa = PBXFileReference; fileEncoding = 4; lastKnownFileType = sourcecode.swift; path = SettingsLabel.swift; sourceTree = "<group>"; };
		247712171D788FF2000F36F7 /* UserDefaults.swift */ = {isa = PBXFileReference; fileEncoding = 4; lastKnownFileType = sourcecode.swift; path = UserDefaults.swift; sourceTree = "<group>"; };
		247CA2E61D5408B70087F27A /* HomeStandardViews.swift */ = {isa = PBXFileReference; fileEncoding = 4; lastKnownFileType = sourcecode.swift; name = HomeStandardViews.swift; path = ../HomeStandardViews.swift; sourceTree = "<group>"; };
		247CA2E81D540C290087F27A /* HomeDataState.swift */ = {isa = PBXFileReference; fileEncoding = 4; lastKnownFileType = sourcecode.swift; path = HomeDataState.swift; sourceTree = "<group>"; };
		247CA2EB1D54182E0087F27A /* HomeWelcomeViews.swift */ = {isa = PBXFileReference; fileEncoding = 4; lastKnownFileType = sourcecode.swift; lineEnding = 0; path = HomeWelcomeViews.swift; sourceTree = "<group>"; xcLanguageSpecificationIdentifier = xcode.lang.swift; };
		247CA2ED1D54D7D10087F27A /* HomeTutorial.swift */ = {isa = PBXFileReference; fileEncoding = 4; lastKnownFileType = sourcecode.swift; path = HomeTutorial.swift; sourceTree = "<group>"; };
		247CA2F11D54D8280087F27A /* Tutorial.swift */ = {isa = PBXFileReference; fileEncoding = 4; lastKnownFileType = sourcecode.swift; path = Tutorial.swift; sourceTree = "<group>"; };
		2481382B1D525CE00020D97C /* WorkoutSets.swift */ = {isa = PBXFileReference; fileEncoding = 4; lastKnownFileType = sourcecode.swift; path = WorkoutSets.swift; sourceTree = "<group>"; };
		248162F71D77313A006DE3B5 /* Audio.swift */ = {isa = PBXFileReference; fileEncoding = 4; lastKnownFileType = sourcecode.swift; path = Audio.swift; sourceTree = "<group>"; };
		248162F91D7733AB006DE3B5 /* AVFoundation.framework */ = {isa = PBXFileReference; lastKnownFileType = wrapper.framework; name = AVFoundation.framework; path = System/Library/Frameworks/AVFoundation.framework; sourceTree = SDKROOT; };
		248194E61D6F316B002B6C7A /* newToPreview.swift */ = {isa = PBXFileReference; fileEncoding = 4; lastKnownFileType = sourcecode.swift; path = newToPreview.swift; sourceTree = "<group>"; };
		248695611D65E1470042E3D2 /* SearchBar.swift */ = {isa = PBXFileReference; fileEncoding = 4; lastKnownFileType = sourcecode.swift; path = SearchBar.swift; sourceTree = "<group>"; };
		248695651D65FC0B0042E3D2 /* SearchResultsViews.swift */ = {isa = PBXFileReference; fileEncoding = 4; lastKnownFileType = sourcecode.swift; lineEnding = 0; path = SearchResultsViews.swift; sourceTree = "<group>"; xcLanguageSpecificationIdentifier = xcode.lang.swift; };
		24887CF01D75C2E70063D3BA /* HomeSetView.swift */ = {isa = PBXFileReference; fileEncoding = 4; lastKnownFileType = sourcecode.swift; path = HomeSetView.swift; sourceTree = "<group>"; };
		248924C91D80772100FE1852 /* Double.swift */ = {isa = PBXFileReference; fileEncoding = 4; lastKnownFileType = sourcecode.swift; path = Double.swift; sourceTree = "<group>"; };
		248A0B121D660155002D4E0C /* StatsView.swift */ = {isa = PBXFileReference; fileEncoding = 4; lastKnownFileType = sourcecode.swift; path = StatsView.swift; sourceTree = "<group>"; };
		248A0B141D660193002D4E0C /* StatsViewData.swift */ = {isa = PBXFileReference; fileEncoding = 4; lastKnownFileType = sourcecode.swift; path = StatsViewData.swift; sourceTree = "<group>"; };
		248A0B161D6605CA002D4E0C /* Grid.swift */ = {isa = PBXFileReference; fileEncoding = 4; lastKnownFileType = sourcecode.swift; path = Grid.swift; sourceTree = "<group>"; };
		248B8E471D7D997D0003B30C /* HomeSetProtocols.swift */ = {isa = PBXFileReference; fileEncoding = 4; lastKnownFileType = sourcecode.swift; path = HomeSetProtocols.swift; sourceTree = "<group>"; };
		248B8E491D7D9A3A0003B30C /* HomeHint.swift */ = {isa = PBXFileReference; fileEncoding = 4; lastKnownFileType = sourcecode.swift; path = HomeHint.swift; sourceTree = "<group>"; };
		248B8E4B1D7D9A9C0003B30C /* HomeContent.swift */ = {isa = PBXFileReference; fileEncoding = 4; lastKnownFileType = sourcecode.swift; path = HomeContent.swift; sourceTree = "<group>"; };
		248B8E4D1D7D9AB40003B30C /* HomeAccent.swift */ = {isa = PBXFileReference; fileEncoding = 4; lastKnownFileType = sourcecode.swift; path = HomeAccent.swift; sourceTree = "<group>"; };
		248B8E4F1D7DA0930003B30C /* HomeLabelSettings.swift */ = {isa = PBXFileReference; fileEncoding = 4; lastKnownFileType = sourcecode.swift; path = HomeLabelSettings.swift; sourceTree = "<group>"; };
		248B8E511D7DA3F50003B30C /* HomeLabelLocation.swift */ = {isa = PBXFileReference; fileEncoding = 4; lastKnownFileType = sourcecode.swift; path = HomeLabelLocation.swift; sourceTree = "<group>"; };
		248B8E531D7DD49C0003B30C /* RestTimer.swift */ = {isa = PBXFileReference; fileEncoding = 4; lastKnownFileType = sourcecode.swift; path = RestTimer.swift; sourceTree = "<group>"; };
		248B8E551D7DECC60003B30C /* MenuButtonInitializers.swift */ = {isa = PBXFileReference; fileEncoding = 4; lastKnownFileType = sourcecode.swift; path = MenuButtonInitializers.swift; sourceTree = "<group>"; };
		249A7FFA1D6DED0300BF95B7 /* Array.swift */ = {isa = PBXFileReference; fileEncoding = 4; lastKnownFileType = sourcecode.swift; path = Array.swift; sourceTree = "<group>"; };
		249A7FFD1D6DED3100BF95B7 /* Dictionary.swift */ = {isa = PBXFileReference; fileEncoding = 4; lastKnownFileType = sourcecode.swift; path = Dictionary.swift; sourceTree = "<group>"; };
		249A7FFF1D6DEF8700BF95B7 /* SuggestionsTable.swift */ = {isa = PBXFileReference; fileEncoding = 4; lastKnownFileType = sourcecode.swift; path = SuggestionsTable.swift; sourceTree = "<group>"; };
		249A80011D6DF20000BF95B7 /* SuggestionCell.swift */ = {isa = PBXFileReference; fileEncoding = 4; lastKnownFileType = sourcecode.swift; path = SuggestionCell.swift; sourceTree = "<group>"; };
		24AAB4F61D609DC100F297DD /* Toast.swift */ = {isa = PBXFileReference; fileEncoding = 4; lastKnownFileType = sourcecode.swift; path = Toast.swift; sourceTree = "<group>"; };
		24AAB4F81D60A5CC00F297DD /* CircularView.swift */ = {isa = PBXFileReference; fileEncoding = 4; lastKnownFileType = sourcecode.swift; path = CircularView.swift; sourceTree = "<group>"; };
		24AFD19B1D50EED7002DF526 /* Roboto-Bold.ttf */ = {isa = PBXFileReference; lastKnownFileType = file; path = "Roboto-Bold.ttf"; sourceTree = "<group>"; };
		24AFD19C1D50EED7002DF526 /* Roboto-Light.ttf */ = {isa = PBXFileReference; lastKnownFileType = file; path = "Roboto-Light.ttf"; sourceTree = "<group>"; };
		24AFD19D1D50EED7002DF526 /* Roboto-Medium.ttf */ = {isa = PBXFileReference; lastKnownFileType = file; path = "Roboto-Medium.ttf"; sourceTree = "<group>"; };
		24AFD19E1D50EED7002DF526 /* Roboto-Regular.ttf */ = {isa = PBXFileReference; lastKnownFileType = file; path = "Roboto-Regular.ttf"; sourceTree = "<group>"; };
		24AFD19F1D50EED7002DF526 /* Roboto-Thin.ttf */ = {isa = PBXFileReference; lastKnownFileType = file; path = "Roboto-Thin.ttf"; sourceTree = "<group>"; };
		24AFD1A51D50EFC5002DF526 /* Assets.xcassets */ = {isa = PBXFileReference; lastKnownFileType = folder.assetcatalog; path = Assets.xcassets; sourceTree = "<group>"; };
		24AFD1AA1D50F1A0002DF526 /* Home.swift */ = {isa = PBXFileReference; fileEncoding = 4; lastKnownFileType = sourcecode.swift; path = Home.swift; sourceTree = "<group>"; };
		24AFD1AB1D50F1A0002DF526 /* Sign.swift */ = {isa = PBXFileReference; fileEncoding = 4; lastKnownFileType = sourcecode.swift; path = Sign.swift; sourceTree = "<group>"; };
		24AFD1AC1D50F1A0002DF526 /* Controller.swift */ = {isa = PBXFileReference; fileEncoding = 4; lastKnownFileType = sourcecode.swift; path = Controller.swift; sourceTree = "<group>"; };
		24AFD1B11D50F1C4002DF526 /* HomeTextPresentable.swift */ = {isa = PBXFileReference; fileEncoding = 4; lastKnownFileType = sourcecode.swift; lineEnding = 0; path = HomeTextPresentable.swift; sourceTree = "<group>"; xcLanguageSpecificationIdentifier = xcode.lang.swift; };
		24AFD1B21D50F1C4002DF526 /* HeaderLabels.swift */ = {isa = PBXFileReference; fileEncoding = 4; lastKnownFileType = sourcecode.swift; path = HeaderLabels.swift; sourceTree = "<group>"; };
		24AFD1B31D50F1C4002DF526 /* WorkoutCardStyle.swift */ = {isa = PBXFileReference; fileEncoding = 4; lastKnownFileType = sourcecode.swift; path = WorkoutCardStyle.swift; sourceTree = "<group>"; };
		24AFD1B71D50F1EE002DF526 /* Layout.swift */ = {isa = PBXFileReference; fileEncoding = 4; lastKnownFileType = sourcecode.swift; path = Layout.swift; sourceTree = "<group>"; };
		24AFD1BB1D50F21D002DF526 /* Head.swift */ = {isa = PBXFileReference; fileEncoding = 4; lastKnownFileType = sourcecode.swift; path = Head.swift; sourceTree = "<group>"; };
		24AFD1BC1D50F21D002DF526 /* BoldHeader.swift */ = {isa = PBXFileReference; fileEncoding = 4; lastKnownFileType = sourcecode.swift; path = BoldHeader.swift; sourceTree = "<group>"; };
		24AFD1BD1D50F21D002DF526 /* LoadingAnimation.swift */ = {isa = PBXFileReference; fileEncoding = 4; lastKnownFileType = sourcecode.swift; path = LoadingAnimation.swift; sourceTree = "<group>"; };
		24AFD1BE1D50F21D002DF526 /* ImageView.swift */ = {isa = PBXFileReference; fileEncoding = 4; lastKnownFileType = sourcecode.swift; path = ImageView.swift; sourceTree = "<group>"; };
		24AFD1BF1D50F21D002DF526 /* Logo.swift */ = {isa = PBXFileReference; fileEncoding = 4; lastKnownFileType = sourcecode.swift; path = Logo.swift; sourceTree = "<group>"; };
		24AFD1C01D50F21D002DF526 /* Images.swift */ = {isa = PBXFileReference; fileEncoding = 4; lastKnownFileType = sourcecode.swift; path = Images.swift; sourceTree = "<group>"; };
		24AFD1C11D50F21D002DF526 /* UILabel.swift */ = {isa = PBXFileReference; fileEncoding = 4; lastKnownFileType = sourcecode.swift; path = UILabel.swift; sourceTree = "<group>"; };
		24AFD1C21D50F21D002DF526 /* String.swift */ = {isa = PBXFileReference; fileEncoding = 4; lastKnownFileType = sourcecode.swift; path = String.swift; sourceTree = "<group>"; };
		24AFD1C31D50F21D002DF526 /* StandardAnimation.swift */ = {isa = PBXFileReference; fileEncoding = 4; lastKnownFileType = sourcecode.swift; path = StandardAnimation.swift; sourceTree = "<group>"; };
		24AFD1C41D50F21D002DF526 /* Line.swift */ = {isa = PBXFileReference; fileEncoding = 4; lastKnownFileType = sourcecode.swift; path = Line.swift; sourceTree = "<group>"; };
		24AFD1D01D50F23B002DF526 /* BackgroundGrey.swift */ = {isa = PBXFileReference; fileEncoding = 4; lastKnownFileType = sourcecode.swift; path = BackgroundGrey.swift; sourceTree = "<group>"; };
		24AFD1D11D50F23B002DF526 /* Button.swift */ = {isa = PBXFileReference; fileEncoding = 4; lastKnownFileType = sourcecode.swift; path = Button.swift; sourceTree = "<group>"; };
		24AFD1D21D50F23B002DF526 /* Card.swift */ = {isa = PBXFileReference; fileEncoding = 4; lastKnownFileType = sourcecode.swift; path = Card.swift; sourceTree = "<group>"; };
		24AFD1D31D50F23B002DF526 /* Color.swift */ = {isa = PBXFileReference; fileEncoding = 4; lastKnownFileType = sourcecode.swift; path = Color.swift; sourceTree = "<group>"; };
		24AFD1D41D50F23B002DF526 /* Dragable.swift */ = {isa = PBXFileReference; fileEncoding = 4; lastKnownFileType = sourcecode.swift; path = Dragable.swift; sourceTree = "<group>"; };
		24AFD1D51D50F23B002DF526 /* Dialog.swift */ = {isa = PBXFileReference; fileEncoding = 4; lastKnownFileType = sourcecode.swift; path = Dialog.swift; sourceTree = "<group>"; };
		24AFD1D61D50F23B002DF526 /* Font.swift */ = {isa = PBXFileReference; fileEncoding = 4; lastKnownFileType = sourcecode.swift; path = Font.swift; sourceTree = "<group>"; };
		24AFD1D71D50F23B002DF526 /* Header.swift */ = {isa = PBXFileReference; fileEncoding = 4; lastKnownFileType = sourcecode.swift; path = Header.swift; sourceTree = "<group>"; };
		24AFD1D81D50F23B002DF526 /* Icon.swift */ = {isa = PBXFileReference; fileEncoding = 4; lastKnownFileType = sourcecode.swift; path = Icon.swift; sourceTree = "<group>"; };
		24AFD1D91D50F23B002DF526 /* MaterialView.swift */ = {isa = PBXFileReference; fileEncoding = 4; lastKnownFileType = sourcecode.swift; path = MaterialView.swift; sourceTree = "<group>"; };
		24AFD1DA1D50F23B002DF526 /* Menu.swift */ = {isa = PBXFileReference; fileEncoding = 4; lastKnownFileType = sourcecode.swift; path = Menu.swift; sourceTree = "<group>"; };
		24AFD1DB1D50F23B002DF526 /* NavigationBar.swift */ = {isa = PBXFileReference; fileEncoding = 4; lastKnownFileType = sourcecode.swift; lineEnding = 0; path = NavigationBar.swift; sourceTree = "<group>"; xcLanguageSpecificationIdentifier = xcode.lang.swift; };
		24AFD1DC1D50F23B002DF526 /* Overlay.swift */ = {isa = PBXFileReference; fileEncoding = 4; lastKnownFileType = sourcecode.swift; path = Overlay.swift; sourceTree = "<group>"; };
		24AFD1DD1D50F23B002DF526 /* Scroller.swift */ = {isa = PBXFileReference; fileEncoding = 4; lastKnownFileType = sourcecode.swift; path = Scroller.swift; sourceTree = "<group>"; };
		24AFD1DE1D50F23B002DF526 /* TextView.swift */ = {isa = PBXFileReference; fileEncoding = 4; lastKnownFileType = sourcecode.swift; path = TextView.swift; sourceTree = "<group>"; };
		24AFD1DF1D50F23B002DF526 /* TouchableView.swift */ = {isa = PBXFileReference; fileEncoding = 4; lastKnownFileType = sourcecode.swift; path = TouchableView.swift; sourceTree = "<group>"; };
		24AFD1F01D50F24C002DF526 /* RevealAlpha.swift */ = {isa = PBXFileReference; fileEncoding = 4; lastKnownFileType = sourcecode.swift; path = RevealAlpha.swift; sourceTree = "<group>"; };
		24AFD1F61D50F2AE002DF526 /* AccountDialog.swift */ = {isa = PBXFileReference; fileEncoding = 4; lastKnownFileType = sourcecode.swift; path = AccountDialog.swift; sourceTree = "<group>"; };
		24AFD1F81D50F2BB002DF526 /* NavigationButton.swift */ = {isa = PBXFileReference; fileEncoding = 4; lastKnownFileType = sourcecode.swift; path = NavigationButton.swift; sourceTree = "<group>"; };
		24AFD1FC1D50F2FE002DF526 /* Time.swift */ = {isa = PBXFileReference; fileEncoding = 4; lastKnownFileType = sourcecode.swift; path = Time.swift; sourceTree = "<group>"; };
		24AFD1FD1D50F2FE002DF526 /* Date.swift */ = {isa = PBXFileReference; fileEncoding = 4; lastKnownFileType = sourcecode.swift; path = Date.swift; sourceTree = "<group>"; };
		24AFD2031D50F323002DF526 /* ExerciseSet.swift */ = {isa = PBXFileReference; fileEncoding = 4; lastKnownFileType = sourcecode.swift; path = ExerciseSet.swift; sourceTree = "<group>"; };
		24AFD2041D50F323002DF526 /* Workout.swift */ = {isa = PBXFileReference; fileEncoding = 4; lastKnownFileType = sourcecode.swift; path = Workout.swift; sourceTree = "<group>"; };
		24AFD2081D50F751002DF526 /* GoogleService-Info.plist */ = {isa = PBXFileReference; fileEncoding = 4; lastKnownFileType = text.plist.xml; path = "GoogleService-Info.plist"; sourceTree = "<group>"; };
		24AFD20A1D50FA09002DF526 /* Account.swift */ = {isa = PBXFileReference; fileEncoding = 4; lastKnownFileType = sourcecode.swift; path = Account.swift; sourceTree = "<group>"; };
		24AFD20E1D5104CA002DF526 /* Keychain.swift */ = {isa = PBXFileReference; fileEncoding = 4; lastKnownFileType = sourcecode.swift; path = Keychain.swift; sourceTree = "<group>"; };
		24B5C2491D63596B00C0FDD8 /* FABAnimation.swift */ = {isa = PBXFileReference; fileEncoding = 4; lastKnownFileType = sourcecode.swift; path = FABAnimation.swift; sourceTree = "<group>"; };
		24B7150D1D7F477C002287A5 /* HomeMoreActions.swift */ = {isa = PBXFileReference; fileEncoding = 4; lastKnownFileType = sourcecode.swift; path = HomeMoreActions.swift; sourceTree = "<group>"; };
		24B7150F1D7F5EA0002287A5 /* EnclosingCircle.swift */ = {isa = PBXFileReference; fileEncoding = 4; lastKnownFileType = sourcecode.swift; path = EnclosingCircle.swift; sourceTree = "<group>"; };
		24B715111D7F66AB002287A5 /* HomeResultsView.swift */ = {isa = PBXFileReference; fileEncoding = 4; lastKnownFileType = sourcecode.swift; path = HomeResultsView.swift; sourceTree = "<group>"; };
		24C4787F1D5A3DF6002D0513 /* TextFieldState.swift */ = {isa = PBXFileReference; fileEncoding = 4; lastKnownFileType = sourcecode.swift; path = TextFieldState.swift; sourceTree = "<group>"; };
		24CC5EC11D5CA17D00BCB833 /* AllStandardViews.swift */ = {isa = PBXFileReference; fileEncoding = 4; lastKnownFileType = sourcecode.swift; lineEnding = 0; path = AllStandardViews.swift; sourceTree = "<group>"; xcLanguageSpecificationIdentifier = xcode.lang.swift; };
		24D6A90E1D58F8300085EDF5 /* TextFieldOptions.swift */ = {isa = PBXFileReference; fileEncoding = 4; lastKnownFileType = sourcecode.swift; path = TextFieldOptions.swift; sourceTree = "<group>"; };
		24D6A9101D58FFFE0085EDF5 /* Rect.swift */ = {isa = PBXFileReference; fileEncoding = 4; lastKnownFileType = sourcecode.swift; path = Rect.swift; sourceTree = "<group>"; };
		24E0E5951D5CDF1700458C60 /* WorkoutTableView.swift */ = {isa = PBXFileReference; fileEncoding = 4; lastKnownFileType = sourcecode.swift; path = WorkoutTableView.swift; sourceTree = "<group>"; };
		24E4B0421D5252430028BB5F /* TwitterDigits.swift */ = {isa = PBXFileReference; fileEncoding = 4; lastKnownFileType = sourcecode.swift; path = TwitterDigits.swift; sourceTree = "<group>"; };
		24E4B0441D5253A00028BB5F /* RealmSet.swift */ = {isa = PBXFileReference; fileEncoding = 4; lastKnownFileType = sourcecode.swift; path = RealmSet.swift; sourceTree = "<group>"; };
		3C7C01371891DC581DF5AF8F /* Pods_HtlaehUITests.framework */ = {isa = PBXFileReference; explicitFileType = wrapper.framework; includeInIndex = 0; path = Pods_HtlaehUITests.framework; sourceTree = BUILT_PRODUCTS_DIR; };
		4FC84A9ABAF7CD956A72762A /* Pods-HtlaehTests.debug.xcconfig */ = {isa = PBXFileReference; includeInIndex = 1; lastKnownFileType = text.xcconfig; name = "Pods-HtlaehTests.debug.xcconfig"; path = "Pods/Target Support Files/Pods-HtlaehTests/Pods-HtlaehTests.debug.xcconfig"; sourceTree = "<group>"; };
		7BF33057B3BE1CB1E20EC65F /* Pods_Htlaeh.framework */ = {isa = PBXFileReference; explicitFileType = wrapper.framework; includeInIndex = 0; path = Pods_Htlaeh.framework; sourceTree = BUILT_PRODUCTS_DIR; };
		90F16F94F66E8F4F2EFF74C5 /* Pods_HtlaehTests.framework */ = {isa = PBXFileReference; explicitFileType = wrapper.framework; includeInIndex = 0; path = Pods_HtlaehTests.framework; sourceTree = BUILT_PRODUCTS_DIR; };
		9151DBA68726E114C2809508 /* Pods-Htlaeh.debug.xcconfig */ = {isa = PBXFileReference; includeInIndex = 1; lastKnownFileType = text.xcconfig; name = "Pods-Htlaeh.debug.xcconfig"; path = "Pods/Target Support Files/Pods-Htlaeh/Pods-Htlaeh.debug.xcconfig"; sourceTree = "<group>"; };
		A5918BF8368AFE0A4DD0CE82 /* Pods-HtlaehUITests.release.xcconfig */ = {isa = PBXFileReference; includeInIndex = 1; lastKnownFileType = text.xcconfig; name = "Pods-HtlaehUITests.release.xcconfig"; path = "Pods/Target Support Files/Pods-HtlaehUITests/Pods-HtlaehUITests.release.xcconfig"; sourceTree = "<group>"; };
		BF1A8F64046FEFFA18CEAABC /* Pods-HtlaehUITests.debug.xcconfig */ = {isa = PBXFileReference; includeInIndex = 1; lastKnownFileType = text.xcconfig; name = "Pods-HtlaehUITests.debug.xcconfig"; path = "Pods/Target Support Files/Pods-HtlaehUITests/Pods-HtlaehUITests.debug.xcconfig"; sourceTree = "<group>"; };
		D8D603A4AB82068ACBF6DFD1 /* Pods-Htlaeh.release.xcconfig */ = {isa = PBXFileReference; includeInIndex = 1; lastKnownFileType = text.xcconfig; name = "Pods-Htlaeh.release.xcconfig"; path = "Pods/Target Support Files/Pods-Htlaeh/Pods-Htlaeh.release.xcconfig"; sourceTree = "<group>"; };
/* End PBXFileReference section */

/* Begin PBXFrameworksBuildPhase section */
		24311FD31D505F8F00CA7C20 /* Frameworks */ = {
			isa = PBXFrameworksBuildPhase;
			buildActionMask = 2147483647;
			files = (
				248162FA1D7733AB006DE3B5 /* AVFoundation.framework in Frameworks */,
				92478F54BBE1C3A650CFF3FE /* Pods_Htlaeh.framework in Frameworks */,
			);
			runOnlyForDeploymentPostprocessing = 0;
		};
		24311FE71D505F8F00CA7C20 /* Frameworks */ = {
			isa = PBXFrameworksBuildPhase;
			buildActionMask = 2147483647;
			files = (
				C44EEA33DA05421AD5CA0E48 /* Pods_HtlaehTests.framework in Frameworks */,
			);
			runOnlyForDeploymentPostprocessing = 0;
		};
		24311FF21D505F8F00CA7C20 /* Frameworks */ = {
			isa = PBXFrameworksBuildPhase;
			buildActionMask = 2147483647;
			files = (
				DD9E8E03F9F66F2B8DB4E94C /* Pods_HtlaehUITests.framework in Frameworks */,
			);
			runOnlyForDeploymentPostprocessing = 0;
		};
/* End PBXFrameworksBuildPhase section */

/* Begin PBXGroup section */
		2409F2601D5CBFA80066A7A3 /* WorkoutTable */ = {
			isa = PBXGroup;
			children = (
				24748B4F1D6B459600522E4F /* WorkoutCellHeader.swift */,
				2409F2611D5CBFC40066A7A3 /* WorkoutTableDateLabel.swift */,
				2409F2631D5CCA390066A7A3 /* WorkoutLabels.swift */,
			);
			name = WorkoutTable;
			sourceTree = "<group>";
		};
		2425CAD91D58F1630074D32F /* New Workout */ = {
			isa = PBXGroup;
			children = (
				2425CAD71D58F15C0074D32F /* NewWorkoutStandardViews.swift */,
			);
			name = "New Workout";
			sourceTree = "<group>";
		};
		24311FCD1D505F8F00CA7C20 = {
			isa = PBXGroup;
			children = (
				24311FD81D505F8F00CA7C20 /* Htlaeh */,
				24311FED1D505F8F00CA7C20 /* HtlaehTests */,
				24311FF81D505F8F00CA7C20 /* HtlaehUITests */,
				24311FD71D505F8F00CA7C20 /* Products */,
				3790563C1DA3B161CB1FFC5F /* Pods */,
				E61CAFA8627B243B96BB953A /* Frameworks */,
			);
			sourceTree = "<group>";
		};
		24311FD71D505F8F00CA7C20 /* Products */ = {
			isa = PBXGroup;
			children = (
				24311FD61D505F8F00CA7C20 /* Htlaeh.app */,
				24311FEA1D505F8F00CA7C20 /* HtlaehTests.xctest */,
				24311FF51D505F8F00CA7C20 /* HtlaehUITests.xctest */,
			);
			name = Products;
			sourceTree = "<group>";
		};
		24311FD81D505F8F00CA7C20 /* Htlaeh */ = {
			isa = PBXGroup;
			children = (
				24AFD1A91D50EFF4002DF526 /* Model */,
				24AFD1A81D50EFEC002DF526 /* Controller */,
				24AFD1A71D50EFE6002DF526 /* View */,
				24AFD2101D510BA5002DF526 /* Supporting Files */,
			);
			path = Htlaeh;
			sourceTree = "<group>";
		};
		24311FED1D505F8F00CA7C20 /* HtlaehTests */ = {
			isa = PBXGroup;
			children = (
				24635AF71D812A42005A6B0C /* HtlaehTest.swift */,
				24311FF01D505F8F00CA7C20 /* Info.plist */,
			);
			path = HtlaehTests;
			sourceTree = "<group>";
		};
		24311FF81D505F8F00CA7C20 /* HtlaehUITests */ = {
			isa = PBXGroup;
			children = (
				24311FF91D505F8F00CA7C20 /* HtlaehUITests.swift */,
				24311FFB1D505F8F00CA7C20 /* Info.plist */,
			);
			path = HtlaehUITests;
			sourceTree = "<group>";
		};
		243973441D637741008FC8DA /* Sign */ = {
			isa = PBXGroup;
			children = (
				243973461D63775F008FC8DA /* SignStandardViews.swift */,
			);
			name = Sign;
			sourceTree = "<group>";
		};
		243973451D637748008FC8DA /* Controller's setup */ = {
			isa = PBXGroup;
			children = (
				247712121D786B80000F36F7 /* Settings */,
				245FE48D1D64D9FB00AC6DD7 /* Search */,
				243973441D637741008FC8DA /* Sign */,
				24AAB4F51D6099CE00F297DD /* PreviewWorkoutViews */,
				24CC5EC01D5CA16E00BCB833 /* All */,
				247CA2EA1D540C4A0087F27A /* Home */,
				2425CAD91D58F1630074D32F /* New Workout */,
			);
			name = "Controller's setup";
			sourceTree = "<group>";
		};
		245FE48D1D64D9FB00AC6DD7 /* Search */ = {
			isa = PBXGroup;
			children = (
				248695651D65FC0B0042E3D2 /* SearchResultsViews.swift */,
				245FE48E1D64DA0C00AC6DD7 /* SearchStandardViews.swift */,
			);
			name = Search;
			sourceTree = "<group>";
		};
		2460C6471D74893F000DEA8B /* JSON */ = {
			isa = PBXGroup;
			children = (
				2460C6451D748936000DEA8B /* JSONSet.swift */,
			);
			name = JSON;
			sourceTree = "<group>";
		};
		24728CE81D59FED7007EA645 /* Old */ = {
			isa = PBXGroup;
			children = (
				24AFD1D21D50F23B002DF526 /* Card.swift */,
				2425CAD31D58E81C0074D32F /* Text.swift */,
				24AFD1DE1D50F23B002DF526 /* TextView.swift */,
			);
			name = Old;
			sourceTree = "<group>";
		};
		24728CED1D5A2AC4007EA645 /* TextField */ = {
			isa = PBXGroup;
			children = (
				248695611D65E1470042E3D2 /* SearchBar.swift */,
				24728CEB1D5A2A4A007EA645 /* TextFieldStyle.swift */,
				24728CE91D5A29F4007EA645 /* TextField.swift */,
				24C4787F1D5A3DF6002D0513 /* TextFieldState.swift */,
				24D6A90E1D58F8300085EDF5 /* TextFieldOptions.swift */,
			);
			name = TextField;
			sourceTree = "<group>";
		};
		2476B8C91D5E21A2008044A8 /* Header */ = {
			isa = PBXGroup;
			children = (
				24AFD1BC1D50F21D002DF526 /* BoldHeader.swift */,
				24AFD1BB1D50F21D002DF526 /* Head.swift */,
				2476B8C71D5E200F008044A8 /* HeaderType.swift */,
			);
			name = Header;
			sourceTree = "<group>";
		};
		247712121D786B80000F36F7 /* Settings */ = {
			isa = PBXGroup;
			children = (
				247712101D786B64000F36F7 /* SettingsStandardViews.swift */,
				247712151D7885DA000F36F7 /* SettingsLabel.swift */,
			);
			name = Settings;
			sourceTree = "<group>";
		};
		247CA2EA1D540C4A0087F27A /* Home */ = {
			isa = PBXGroup;
			children = (
				246EF46F1D6F67D0005D272E /* HomeNext.swift */,
				247CA2E81D540C290087F27A /* HomeDataState.swift */,
				247CA2EB1D54182E0087F27A /* HomeWelcomeViews.swift */,
				2452780D1D52F0C30059C427 /* HomeRestView.swift */,
				247CA2E61D5408B70087F27A /* HomeStandardViews.swift */,
				24B7150D1D7F477C002287A5 /* HomeMoreActions.swift */,
				24B715111D7F66AB002287A5 /* HomeResultsView.swift */,
				248B8E461D7D996D0003B30C /* SetView */,
				24887CF01D75C2E70063D3BA /* HomeSetView.swift */,
			);
			name = Home;
			sourceTree = "<group>";
		};
		247CA2F01D54D80F0087F27A /* Tutorials */ = {
			isa = PBXGroup;
			children = (
				247CA2F11D54D8280087F27A /* Tutorial.swift */,
				247CA2ED1D54D7D10087F27A /* HomeTutorial.swift */,
			);
			name = Tutorials;
			sourceTree = "<group>";
		};
		248162F61D77312A006DE3B5 /* Audio */ = {
			isa = PBXGroup;
			children = (
				248162F71D77313A006DE3B5 /* Audio.swift */,
			);
			name = Audio;
			sourceTree = "<group>";
		};
		248194E51D6F306D002B6C7A /* Animations */ = {
			isa = PBXGroup;
			children = (
				24B7150F1D7F5EA0002287A5 /* EnclosingCircle.swift */,
				24AAB4F81D60A5CC00F297DD /* CircularView.swift */,
				24B5C2491D63596B00C0FDD8 /* FABAnimation.swift */,
				24AFD1BD1D50F21D002DF526 /* LoadingAnimation.swift */,
				24AFD1F01D50F24C002DF526 /* RevealAlpha.swift */,
			);
			name = Animations;
			sourceTree = "<group>";
		};
		248B8E461D7D996D0003B30C /* SetView */ = {
			isa = PBXGroup;
			children = (
				248B8E471D7D997D0003B30C /* HomeSetProtocols.swift */,
				248B8E4F1D7DA0930003B30C /* HomeLabelSettings.swift */,
				248B8E511D7DA3F50003B30C /* HomeLabelLocation.swift */,
				248B8E491D7D9A3A0003B30C /* HomeHint.swift */,
				248B8E4B1D7D9A9C0003B30C /* HomeContent.swift */,
				248B8E4D1D7D9AB40003B30C /* HomeAccent.swift */,
				24AFD1B11D50F1C4002DF526 /* HomeTextPresentable.swift */,
			);
			name = SetView;
			sourceTree = "<group>";
		};
		248B8E571D7DED0C0003B30C /* SimpleDialog */ = {
			isa = PBXGroup;
			children = (
				246745351D7A514C00996F30 /* SimpleDialog.swift */,
				248B8E551D7DECC60003B30C /* MenuButtonInitializers.swift */,
			);
			name = SimpleDialog;
			sourceTree = "<group>";
		};
		249A7FFC1D6DED0800BF95B7 /* Foundation Extensions */ = {
			isa = PBXGroup;
			children = (
				249A7FFA1D6DED0300BF95B7 /* Array.swift */,
				2460C6431D74761B000DEA8B /* Bool Extension.swift */,
				2433C1F21D622FC700110F2D /* DatabaseDate.swift */,
				24AFD1FD1D50F2FE002DF526 /* Date.swift */,
				245FE48B1D64A0A700AC6DD7 /* Delay.swift */,
				248924C91D80772100FE1852 /* Double.swift */,
				249A7FFD1D6DED3100BF95B7 /* Dictionary.swift */,
				246745371D7A525600996F30 /* Direction.swift */,
				24748B511D6B68F700522E4F /* Int.swift */,
				248B8E531D7DD49C0003B30C /* RestTimer.swift */,
				2409533E1D6F5265006FFEFB /* StringFoundation.swift */,
				24748B4D1D6B2C2000522E4F /* Sundays.swift */,
				24AFD1FC1D50F2FE002DF526 /* Time.swift */,
			);
			name = "Foundation Extensions";
			sourceTree = "<group>";
		};
		249A80031D6DF92200BF95B7 /* SuggestionsTable */ = {
			isa = PBXGroup;
			children = (
				249A7FFF1D6DEF8700BF95B7 /* SuggestionsTable.swift */,
				249A80011D6DF20000BF95B7 /* SuggestionCell.swift */,
			);
			name = SuggestionsTable;
			sourceTree = "<group>";
		};
		24AAB4F41D60978600F297DD /* Segues */ = {
			isa = PBXGroup;
			children = (
				246EF46D1D6F60F9005D272E /* AllToSearch.swift */,
				246EF46B1D6F5A22005D272E /* AllToNew.swift */,
				248194E61D6F316B002B6C7A /* newToPreview.swift */,
			);
			name = Segues;
			sourceTree = "<group>";
		};
		24AAB4F51D6099CE00F297DD /* PreviewWorkoutViews */ = {
			isa = PBXGroup;
			children = (
				2476B8BF1D5E00CD008044A8 /* PreviewWorkoutViews.swift */,
			);
			name = PreviewWorkoutViews;
			sourceTree = "<group>";
		};
		24AFD1A71D50EFE6002DF526 /* View */ = {
			isa = PBXGroup;
			children = (
				248194E51D6F306D002B6C7A /* Animations */,
				243973451D637748008FC8DA /* Controller's setup */,
				247CA2F01D54D80F0087F27A /* Tutorials */,
				24AFD1CF1D50F227002DF526 /* Material Design */,
				24AFD1B91D50F1FB002DF526 /* Design */,
				24AFD1B01D50F1AB002DF526 /* ViewModels */,
			);
			name = View;
			sourceTree = "<group>";
		};
		24AFD1A81D50EFEC002DF526 /* Controller */ = {
			isa = PBXGroup;
			children = (
				24AAB4F41D60978600F297DD /* Segues */,
				2476B8CE1D5E297A008044A8 /* Search.swift */,
				2476B8CA1D5E2856008044A8 /* Settings.swift */,
				2476B8C51D5E1C93008044A8 /* Preview.swift */,
				244691F41D5CA0ED008FB687 /* All.swift */,
				2425CAD11D58E6A10074D32F /* NewWorkout.swift */,
				24AFD1AA1D50F1A0002DF526 /* Home.swift */,
				24AFD1AB1D50F1A0002DF526 /* Sign.swift */,
				24AFD1AC1D50F1A0002DF526 /* Controller.swift */,
				245FE4891D648DA200AC6DD7 /* ViewsStructs.swift */,
			);
			name = Controller;
			sourceTree = "<group>";
		};
		24AFD1A91D50EFF4002DF526 /* Model */ = {
			isa = PBXGroup;
			children = (
				24AFD2001D50F309002DF526 /* Account */,
				249A7FFC1D6DED0800BF95B7 /* Foundation Extensions */,
				2460C6471D74893F000DEA8B /* JSON */,
				24AFD2011D50F30E002DF526 /* Network */,
				24AFD2071D50F33F002DF526 /* Realm */,
				24AFD2021D50F314002DF526 /* Workout */,
			);
			name = Model;
			sourceTree = "<group>";
		};
		24AFD1B01D50F1AB002DF526 /* ViewModels */ = {
			isa = PBXGroup;
			children = (
				24AFD1B21D50F1C4002DF526 /* HeaderLabels.swift */,
				24AFD1B31D50F1C4002DF526 /* WorkoutCardStyle.swift */,
			);
			name = ViewModels;
			sourceTree = "<group>";
		};
		24AFD1B91D50F1FB002DF526 /* Design */ = {
			isa = PBXGroup;
			children = (
				24AFD1BE1D50F21D002DF526 /* ImageView.swift */,
				24AFD1BF1D50F21D002DF526 /* Logo.swift */,
				24AFD1C01D50F21D002DF526 /* Images.swift */,
				24AFD1C11D50F21D002DF526 /* UILabel.swift */,
				24AFD1C21D50F21D002DF526 /* String.swift */,
				24AFD1C31D50F21D002DF526 /* StandardAnimation.swift */,
				24AFD1C41D50F21D002DF526 /* Line.swift */,
				24AFD1BA1D50F20B002DF526 /* Geometry */,
			);
			name = Design;
			sourceTree = "<group>";
		};
		24AFD1BA1D50F20B002DF526 /* Geometry */ = {
			isa = PBXGroup;
			children = (
				2460A2741D674FE8005E7F2E /* CellLayout.swift */,
				248A0B161D6605CA002D4E0C /* Grid.swift */,
				24D6A9101D58FFFE0085EDF5 /* Rect.swift */,
				24AFD1B71D50F1EE002DF526 /* Layout.swift */,
			);
			name = Geometry;
			sourceTree = "<group>";
		};
		24AFD1CF1D50F227002DF526 /* Material Design */ = {
			isa = PBXGroup;
			children = (
				24AFD1F51D50F296002DF526 /* Account Elements */,
				24AFD1F21D50F252002DF526 /* Base Material */,
				24AFD1F31D50F267002DF526 /* Navigation Elements */,
				249A80031D6DF92200BF95B7 /* SuggestionsTable */,
				24AFD1F41D50F27A002DF526 /* Workout Elements */,
			);
			name = "Material Design";
			sourceTree = "<group>";
		};
		24AFD1F21D50F252002DF526 /* Base Material */ = {
			isa = PBXGroup;
			children = (
				24AFD1D01D50F23B002DF526 /* BackgroundGrey.swift */,
				24AFD1D11D50F23B002DF526 /* Button.swift */,
				24AFD1D31D50F23B002DF526 /* Color.swift */,
				2433C1F01D61F12300110F2D /* DatePicker.swift */,
				24AFD1D41D50F23B002DF526 /* Dragable.swift */,
				24AFD1D51D50F23B002DF526 /* Dialog.swift */,
				24AFD1D61D50F23B002DF526 /* Font.swift */,
				2476B8C91D5E21A2008044A8 /* Header */,
				24AFD1D71D50F23B002DF526 /* Header.swift */,
				24AFD1D81D50F23B002DF526 /* Icon.swift */,
				24AFD1D91D50F23B002DF526 /* MaterialView.swift */,
				24AFD1DA1D50F23B002DF526 /* Menu.swift */,
				24AFD1DB1D50F23B002DF526 /* NavigationBar.swift */,
				24AFD1DC1D50F23B002DF526 /* Overlay.swift */,
				24728CE81D59FED7007EA645 /* Old */,
				2432F2981D58D26800C89C1B /* Ripple.swift */,
				24CC5EC51D5CB00A00BCB833 /* Scroller */,
				248B8E571D7DED0C0003B30C /* SimpleDialog */,
				247712131D7872BB000F36F7 /* Switch.swift */,
				24728CED1D5A2AC4007EA645 /* TextField */,
				24AAB4F61D609DC100F297DD /* Toast.swift */,
				2462ADE31D6347DF0015E955 /* ToolTip.swift */,
				24AFD1DF1D50F23B002DF526 /* TouchableView.swift */,
			);
			name = "Base Material";
			sourceTree = "<group>";
		};
		24AFD1F31D50F267002DF526 /* Navigation Elements */ = {
			isa = PBXGroup;
			children = (
				2476B8D01D5E3072008044A8 /* StoryboardSegueIdentifiers.swift */,
				2476B8CC1D5E2954008044A8 /* NavigationDestinations.swift */,
				24AFD1F81D50F2BB002DF526 /* NavigationButton.swift */,
			);
			name = "Navigation Elements";
			sourceTree = "<group>";
		};
		24AFD1F41D50F27A002DF526 /* Workout Elements */ = {
			isa = PBXGroup;
			children = (
				248A0B121D660155002D4E0C /* StatsView.swift */,
				248A0B141D660193002D4E0C /* StatsViewData.swift */,
				2409F25E1D5CBD420066A7A3 /* WorkoutView.swift */,
				2409F2651D5CD3720066A7A3 /* WorkoutTableCell.swift */,
				2460A2721D674F66005E7F2E /* WorkoutCell.swift */,
				24E0E5951D5CDF1700458C60 /* WorkoutTableView.swift */,
				2460A2701D6748C8005E7F2E /* AllWorkoutsTable.swift */,
				2409F2601D5CBFA80066A7A3 /* WorkoutTable */,
			);
			name = "Workout Elements";
			sourceTree = "<group>";
		};
		24AFD1F51D50F296002DF526 /* Account Elements */ = {
			isa = PBXGroup;
			children = (
				24AFD1F61D50F2AE002DF526 /* AccountDialog.swift */,
			);
			name = "Account Elements";
			sourceTree = "<group>";
		};
		24AFD2001D50F309002DF526 /* Account */ = {
			isa = PBXGroup;
			children = (
				24AFD20E1D5104CA002DF526 /* Keychain.swift */,
				24AFD20A1D50FA09002DF526 /* Account.swift */,
				24E4B0421D5252430028BB5F /* TwitterDigits.swift */,
			);
			name = Account;
			sourceTree = "<group>";
		};
		24AFD2011D50F30E002DF526 /* Network */ = {
			isa = PBXGroup;
			children = (
			);
			name = Network;
			sourceTree = "<group>";
		};
		24AFD2021D50F314002DF526 /* Workout */ = {
			isa = PBXGroup;
			children = (
				24AFD2031D50F323002DF526 /* ExerciseSet.swift */,
				24AFD2041D50F323002DF526 /* Workout.swift */,
			);
			name = Workout;
			sourceTree = "<group>";
		};
		24AFD2071D50F33F002DF526 /* Realm */ = {
			isa = PBXGroup;
			children = (
				2481382B1D525CE00020D97C /* WorkoutSets.swift */,
				24E4B0441D5253A00028BB5F /* RealmSet.swift */,
				2433C1EE1D61EA6000110F2D /* RealmStore.swift */,
				2433C1F41D62359D00110F2D /* RealmQuery.swift */,
			);
			name = Realm;
			sourceTree = "<group>";
		};
		24AFD2101D510BA5002DF526 /* Supporting Files */ = {
			isa = PBXGroup;
			children = (
				247712171D788FF2000F36F7 /* UserDefaults.swift */,
				248162F61D77312A006DE3B5 /* Audio */,
				24311FD91D505F8F00CA7C20 /* AppDelegate.swift */,
				24311FDD1D505F8F00CA7C20 /* Main.storyboard */,
				24AFD1A51D50EFC5002DF526 /* Assets.xcassets */,
				24311FE21D505F8F00CA7C20 /* LaunchScreen.storyboard */,
				24AFD2081D50F751002DF526 /* GoogleService-Info.plist */,
				24311FE51D505F8F00CA7C20 /* Info.plist */,
				24AFD19B1D50EED7002DF526 /* Roboto-Bold.ttf */,
				24AFD19C1D50EED7002DF526 /* Roboto-Light.ttf */,
				24AFD19D1D50EED7002DF526 /* Roboto-Medium.ttf */,
				24AFD19E1D50EED7002DF526 /* Roboto-Regular.ttf */,
				24AFD19F1D50EED7002DF526 /* Roboto-Thin.ttf */,
			);
			name = "Supporting Files";
			sourceTree = "<group>";
		};
		24CC5EC01D5CA16E00BCB833 /* All */ = {
			isa = PBXGroup;
			children = (
				24CC5EC11D5CA17D00BCB833 /* AllStandardViews.swift */,
			);
			name = All;
			sourceTree = "<group>";
		};
		24CC5EC51D5CB00A00BCB833 /* Scroller */ = {
			isa = PBXGroup;
			children = (
				2409F25C1D5CB12A0066A7A3 /* PreviewScroller.swift */,
				24AFD1DD1D50F23B002DF526 /* Scroller.swift */,
			);
			name = Scroller;
			sourceTree = "<group>";
		};
		3790563C1DA3B161CB1FFC5F /* Pods */ = {
			isa = PBXGroup;
			children = (
				9151DBA68726E114C2809508 /* Pods-Htlaeh.debug.xcconfig */,
				D8D603A4AB82068ACBF6DFD1 /* Pods-Htlaeh.release.xcconfig */,
				4FC84A9ABAF7CD956A72762A /* Pods-HtlaehTests.debug.xcconfig */,
				0F42263300B320C9E070B811 /* Pods-HtlaehTests.release.xcconfig */,
				BF1A8F64046FEFFA18CEAABC /* Pods-HtlaehUITests.debug.xcconfig */,
				A5918BF8368AFE0A4DD0CE82 /* Pods-HtlaehUITests.release.xcconfig */,
			);
			name = Pods;
			sourceTree = "<group>";
		};
		E61CAFA8627B243B96BB953A /* Frameworks */ = {
			isa = PBXGroup;
			children = (
				248162F91D7733AB006DE3B5 /* AVFoundation.framework */,
				7BF33057B3BE1CB1E20EC65F /* Pods_Htlaeh.framework */,
				90F16F94F66E8F4F2EFF74C5 /* Pods_HtlaehTests.framework */,
				3C7C01371891DC581DF5AF8F /* Pods_HtlaehUITests.framework */,
			);
			name = Frameworks;
			sourceTree = "<group>";
		};
/* End PBXGroup section */

/* Begin PBXNativeTarget section */
		24311FD51D505F8F00CA7C20 /* Htlaeh */ = {
			isa = PBXNativeTarget;
			buildConfigurationList = 24311FFE1D505F8F00CA7C20 /* Build configuration list for PBXNativeTarget "Htlaeh" */;
			buildPhases = (
				C8ADFF7EBEAADCDAB023AC4A /* [CP] Check Pods Manifest.lock */,
				24311FD21D505F8F00CA7C20 /* Sources */,
				24311FD31D505F8F00CA7C20 /* Frameworks */,
				24311FD41D505F8F00CA7C20 /* Resources */,
				5C63ACF0EF41A00791FDB9BA /* [CP] Embed Pods Frameworks */,
				2F41E81F1891B406B49366E5 /* [CP] Copy Pods Resources */,
				24A946F41D50766B00423233 /* ShellScript */,
			);
			buildRules = (
			);
			dependencies = (
			);
			name = Htlaeh;
			productName = Htlaeh;
			productReference = 24311FD61D505F8F00CA7C20 /* Htlaeh.app */;
			productType = "com.apple.product-type.application";
		};
		24311FE91D505F8F00CA7C20 /* HtlaehTests */ = {
			isa = PBXNativeTarget;
			buildConfigurationList = 243120011D505F8F00CA7C20 /* Build configuration list for PBXNativeTarget "HtlaehTests" */;
			buildPhases = (
				DB08B4A19AC333B418E6DD9C /* [CP] Check Pods Manifest.lock */,
				24311FE61D505F8F00CA7C20 /* Sources */,
				24311FE71D505F8F00CA7C20 /* Frameworks */,
				24311FE81D505F8F00CA7C20 /* Resources */,
				98920CF159742B16B2FED01F /* [CP] Embed Pods Frameworks */,
				4655F526884FF344B6CA5B65 /* [CP] Copy Pods Resources */,
			);
			buildRules = (
			);
			dependencies = (
				24311FEC1D505F8F00CA7C20 /* PBXTargetDependency */,
			);
			name = HtlaehTests;
			productName = HtlaehTests;
			productReference = 24311FEA1D505F8F00CA7C20 /* HtlaehTests.xctest */;
			productType = "com.apple.product-type.bundle.unit-test";
		};
		24311FF41D505F8F00CA7C20 /* HtlaehUITests */ = {
			isa = PBXNativeTarget;
			buildConfigurationList = 243120041D505F8F00CA7C20 /* Build configuration list for PBXNativeTarget "HtlaehUITests" */;
			buildPhases = (
				C4786B9713B604FB92FFB557 /* [CP] Check Pods Manifest.lock */,
				24311FF11D505F8F00CA7C20 /* Sources */,
				24311FF21D505F8F00CA7C20 /* Frameworks */,
				24311FF31D505F8F00CA7C20 /* Resources */,
				4A85EB3890F91CA357EFF562 /* [CP] Copy Pods Resources */,
			);
			buildRules = (
			);
			dependencies = (
				24311FF71D505F8F00CA7C20 /* PBXTargetDependency */,
			);
			name = HtlaehUITests;
			productName = HtlaehUITests;
			productReference = 24311FF51D505F8F00CA7C20 /* HtlaehUITests.xctest */;
			productType = "com.apple.product-type.bundle.ui-testing";
		};
/* End PBXNativeTarget section */

/* Begin PBXProject section */
		24311FCE1D505F8F00CA7C20 /* Project object */ = {
			isa = PBXProject;
			attributes = {
				LastSwiftUpdateCheck = 0730;
				LastUpgradeCheck = 0800;
				ORGANIZATIONNAME = "Cody Weaver";
				TargetAttributes = {
					24311FD51D505F8F00CA7C20 = {
						CreatedOnToolsVersion = 7.3.1;
						DevelopmentTeam = 3BC8DC7YY2;
						LastSwiftMigration = 0800;
					};
					24311FE91D505F8F00CA7C20 = {
						CreatedOnToolsVersion = 7.3.1;
						LastSwiftMigration = 0800;
						TestTargetID = 24311FD51D505F8F00CA7C20;
					};
					24311FF41D505F8F00CA7C20 = {
						CreatedOnToolsVersion = 7.3.1;
						LastSwiftMigration = 0800;
						TestTargetID = 24311FD51D505F8F00CA7C20;
					};
				};
			};
			buildConfigurationList = 24311FD11D505F8F00CA7C20 /* Build configuration list for PBXProject "Htlaeh" */;
			compatibilityVersion = "Xcode 3.2";
			developmentRegion = English;
			hasScannedForEncodings = 0;
			knownRegions = (
				en,
				Base,
			);
			mainGroup = 24311FCD1D505F8F00CA7C20;
			productRefGroup = 24311FD71D505F8F00CA7C20 /* Products */;
			projectDirPath = "";
			projectRoot = "";
			targets = (
				24311FD51D505F8F00CA7C20 /* Htlaeh */,
				24311FE91D505F8F00CA7C20 /* HtlaehTests */,
				24311FF41D505F8F00CA7C20 /* HtlaehUITests */,
			);
		};
/* End PBXProject section */

/* Begin PBXResourcesBuildPhase section */
		24311FD41D505F8F00CA7C20 /* Resources */ = {
			isa = PBXResourcesBuildPhase;
			buildActionMask = 2147483647;
			files = (
				24AFD1A01D50EF07002DF526 /* Roboto-Bold.ttf in Resources */,
				24AFD1A11D50EF07002DF526 /* Roboto-Light.ttf in Resources */,
				24AFD2091D50F751002DF526 /* GoogleService-Info.plist in Resources */,
				24AFD1A21D50EF07002DF526 /* Roboto-Medium.ttf in Resources */,
				24AFD1A31D50EF07002DF526 /* Roboto-Regular.ttf in Resources */,
				24AFD1A41D50EF07002DF526 /* Roboto-Thin.ttf in Resources */,
				24311FE41D505F8F00CA7C20 /* LaunchScreen.storyboard in Resources */,
				24AFD1A61D50EFC5002DF526 /* Assets.xcassets in Resources */,
				24311FDF1D505F8F00CA7C20 /* Main.storyboard in Resources */,
			);
			runOnlyForDeploymentPostprocessing = 0;
		};
		24311FE81D505F8F00CA7C20 /* Resources */ = {
			isa = PBXResourcesBuildPhase;
			buildActionMask = 2147483647;
			files = (
			);
			runOnlyForDeploymentPostprocessing = 0;
		};
		24311FF31D505F8F00CA7C20 /* Resources */ = {
			isa = PBXResourcesBuildPhase;
			buildActionMask = 2147483647;
			files = (
			);
			runOnlyForDeploymentPostprocessing = 0;
		};
/* End PBXResourcesBuildPhase section */

/* Begin PBXShellScriptBuildPhase section */
		24A946F41D50766B00423233 /* ShellScript */ = {
			isa = PBXShellScriptBuildPhase;
			buildActionMask = 2147483647;
			files = (
			);
			inputPaths = (
			);
			outputPaths = (
			);
			runOnlyForDeploymentPostprocessing = 0;
			shellPath = /bin/sh;
			shellScript = "\"${PODS_ROOT}/Fabric/run\" a1dbf5537e102094e19036a62ccd09134795e5cc d86fcb8b1a167f3cb87763f49c2fc5d93846cbb8c0e4f50e312e4564b0099776";
		};
		2F41E81F1891B406B49366E5 /* [CP] Copy Pods Resources */ = {
			isa = PBXShellScriptBuildPhase;
			buildActionMask = 2147483647;
			files = (
			);
			inputPaths = (
			);
			name = "[CP] Copy Pods Resources";
			outputPaths = (
			);
			runOnlyForDeploymentPostprocessing = 0;
			shellPath = /bin/sh;
			shellScript = "\"${SRCROOT}/Pods/Target Support Files/Pods-Htlaeh/Pods-Htlaeh-resources.sh\"\n";
			showEnvVarsInLog = 0;
		};
		4655F526884FF344B6CA5B65 /* [CP] Copy Pods Resources */ = {
			isa = PBXShellScriptBuildPhase;
			buildActionMask = 2147483647;
			files = (
			);
			inputPaths = (
			);
			name = "[CP] Copy Pods Resources";
			outputPaths = (
			);
			runOnlyForDeploymentPostprocessing = 0;
			shellPath = /bin/sh;
			shellScript = "\"${SRCROOT}/Pods/Target Support Files/Pods-HtlaehTests/Pods-HtlaehTests-resources.sh\"\n";
			showEnvVarsInLog = 0;
		};
		4A85EB3890F91CA357EFF562 /* [CP] Copy Pods Resources */ = {
			isa = PBXShellScriptBuildPhase;
			buildActionMask = 2147483647;
			files = (
			);
			inputPaths = (
			);
			name = "[CP] Copy Pods Resources";
			outputPaths = (
			);
			runOnlyForDeploymentPostprocessing = 0;
			shellPath = /bin/sh;
			shellScript = "\"${SRCROOT}/Pods/Target Support Files/Pods-HtlaehUITests/Pods-HtlaehUITests-resources.sh\"\n";
			showEnvVarsInLog = 0;
		};
		5C63ACF0EF41A00791FDB9BA /* [CP] Embed Pods Frameworks */ = {
			isa = PBXShellScriptBuildPhase;
			buildActionMask = 2147483647;
			files = (
			);
			inputPaths = (
			);
			name = "[CP] Embed Pods Frameworks";
			outputPaths = (
			);
			runOnlyForDeploymentPostprocessing = 0;
			shellPath = /bin/sh;
			shellScript = "\"${SRCROOT}/Pods/Target Support Files/Pods-Htlaeh/Pods-Htlaeh-frameworks.sh\"\n";
			showEnvVarsInLog = 0;
		};
		98920CF159742B16B2FED01F /* [CP] Embed Pods Frameworks */ = {
			isa = PBXShellScriptBuildPhase;
			buildActionMask = 2147483647;
			files = (
			);
			inputPaths = (
			);
			name = "[CP] Embed Pods Frameworks";
			outputPaths = (
			);
			runOnlyForDeploymentPostprocessing = 0;
			shellPath = /bin/sh;
			shellScript = "\"${SRCROOT}/Pods/Target Support Files/Pods-HtlaehTests/Pods-HtlaehTests-frameworks.sh\"\n";
			showEnvVarsInLog = 0;
		};
		C4786B9713B604FB92FFB557 /* [CP] Check Pods Manifest.lock */ = {
			isa = PBXShellScriptBuildPhase;
			buildActionMask = 2147483647;
			files = (
			);
			inputPaths = (
			);
			name = "[CP] Check Pods Manifest.lock";
			outputPaths = (
			);
			runOnlyForDeploymentPostprocessing = 0;
			shellPath = /bin/sh;
			shellScript = "diff \"${PODS_ROOT}/../Podfile.lock\" \"${PODS_ROOT}/Manifest.lock\" > /dev/null\nif [[ $? != 0 ]] ; then\n    cat << EOM\nerror: The sandbox is not in sync with the Podfile.lock. Run 'pod install' or update your CocoaPods installation.\nEOM\n    exit 1\nfi\n";
			showEnvVarsInLog = 0;
		};
		C8ADFF7EBEAADCDAB023AC4A /* [CP] Check Pods Manifest.lock */ = {
			isa = PBXShellScriptBuildPhase;
			buildActionMask = 2147483647;
			files = (
			);
			inputPaths = (
			);
			name = "[CP] Check Pods Manifest.lock";
			outputPaths = (
			);
			runOnlyForDeploymentPostprocessing = 0;
			shellPath = /bin/sh;
			shellScript = "diff \"${PODS_ROOT}/../Podfile.lock\" \"${PODS_ROOT}/Manifest.lock\" > /dev/null\nif [[ $? != 0 ]] ; then\n    cat << EOM\nerror: The sandbox is not in sync with the Podfile.lock. Run 'pod install' or update your CocoaPods installation.\nEOM\n    exit 1\nfi\n";
			showEnvVarsInLog = 0;
		};
		DB08B4A19AC333B418E6DD9C /* [CP] Check Pods Manifest.lock */ = {
			isa = PBXShellScriptBuildPhase;
			buildActionMask = 2147483647;
			files = (
			);
			inputPaths = (
			);
			name = "[CP] Check Pods Manifest.lock";
			outputPaths = (
			);
			runOnlyForDeploymentPostprocessing = 0;
			shellPath = /bin/sh;
			shellScript = "diff \"${PODS_ROOT}/../Podfile.lock\" \"${PODS_ROOT}/Manifest.lock\" > /dev/null\nif [[ $? != 0 ]] ; then\n    cat << EOM\nerror: The sandbox is not in sync with the Podfile.lock. Run 'pod install' or update your CocoaPods installation.\nEOM\n    exit 1\nfi\n";
			showEnvVarsInLog = 0;
		};
/* End PBXShellScriptBuildPhase section */

/* Begin PBXSourcesBuildPhase section */
		24311FD21D505F8F00CA7C20 /* Sources */ = {
			isa = PBXSourcesBuildPhase;
			buildActionMask = 2147483647;
			files = (
				24AAB4F91D60A5CC00F297DD /* CircularView.swift in Sources */,
				24AFD2061D50F323002DF526 /* Workout.swift in Sources */,
				24AFD1ED1D50F23B002DF526 /* Scroller.swift in Sources */,
				247712181D788FF2000F36F7 /* UserDefaults.swift in Sources */,
				248B8E521D7DA3F50003B30C /* HomeLabelLocation.swift in Sources */,
				246EF46C1D6F5A22005D272E /* AllToNew.swift in Sources */,
				24AFD1F11D50F24C002DF526 /* RevealAlpha.swift in Sources */,
				2425CAD41D58E81C0074D32F /* Text.swift in Sources */,
				246745381D7A525600996F30 /* Direction.swift in Sources */,
				24AFD1E91D50F23B002DF526 /* MaterialView.swift in Sources */,
				248A0B151D660193002D4E0C /* StatsViewData.swift in Sources */,
				248B8E501D7DA0930003B30C /* HomeLabelSettings.swift in Sources */,
				2481382C1D525CE00020D97C /* WorkoutSets.swift in Sources */,
				247CA2E71D5408B70087F27A /* HomeStandardViews.swift in Sources */,
				2460A2751D674FE8005E7F2E /* CellLayout.swift in Sources */,
				247CA2EE1D54D7D10087F27A /* HomeTutorial.swift in Sources */,
				24C478801D5A3DF6002D0513 /* TextFieldState.swift in Sources */,
				24AFD1AF1D50F1A0002DF526 /* Controller.swift in Sources */,
				245FE48A1D648DA200AC6DD7 /* ViewsStructs.swift in Sources */,
				24AFD20F1D5104CA002DF526 /* Keychain.swift in Sources */,
				24AFD1E51D50F23B002DF526 /* Dialog.swift in Sources */,
				2476B8C61D5E1C93008044A8 /* Preview.swift in Sources */,
				24AAB4F71D609DC100F297DD /* Toast.swift in Sources */,
				24728CEC1D5A2A4A007EA645 /* TextFieldStyle.swift in Sources */,
				24E4B0431D5252430028BB5F /* TwitterDigits.swift in Sources */,
				24AFD1F91D50F2BB002DF526 /* NavigationButton.swift in Sources */,
				249A7FFB1D6DED0300BF95B7 /* Array.swift in Sources */,
				24CC5EC21D5CA17D00BCB833 /* AllStandardViews.swift in Sources */,
				2460C6441D74761B000DEA8B /* Bool Extension.swift in Sources */,
				2476B8C01D5E00CD008044A8 /* PreviewWorkoutViews.swift in Sources */,
				2409533F1D6F5265006FFEFB /* StringFoundation.swift in Sources */,
				24AFD1E81D50F23B002DF526 /* Icon.swift in Sources */,
				24AFD1B41D50F1C4002DF526 /* HomeTextPresentable.swift in Sources */,
				24D6A90F1D58F8300085EDF5 /* TextFieldOptions.swift in Sources */,
				24AFD1E31D50F23B002DF526 /* Color.swift in Sources */,
				24B715101D7F5EA0002287A5 /* EnclosingCircle.swift in Sources */,
				2433C1EF1D61EA6000110F2D /* RealmStore.swift in Sources */,
				249A80021D6DF20000BF95B7 /* SuggestionCell.swift in Sources */,
				24AFD1C61D50F21D002DF526 /* BoldHeader.swift in Sources */,
				246EF4701D6F67D0005D272E /* HomeNext.swift in Sources */,
				24AFD1C71D50F21D002DF526 /* LoadingAnimation.swift in Sources */,
				24AFD1C81D50F21D002DF526 /* ImageView.swift in Sources */,
				24AFD1FE1D50F2FE002DF526 /* Time.swift in Sources */,
				2425CAD81D58F15C0074D32F /* NewWorkoutStandardViews.swift in Sources */,
				2409F25F1D5CBD420066A7A3 /* WorkoutView.swift in Sources */,
				24AFD1FF1D50F2FE002DF526 /* Date.swift in Sources */,
				248B8E4A1D7D9A3A0003B30C /* HomeHint.swift in Sources */,
				2425CAD21D58E6A10074D32F /* NewWorkout.swift in Sources */,
				24AFD1F71D50F2AE002DF526 /* AccountDialog.swift in Sources */,
				24AFD1EC1D50F23B002DF526 /* Overlay.swift in Sources */,
				247712141D7872BB000F36F7 /* Switch.swift in Sources */,
				24AFD2051D50F323002DF526 /* ExerciseSet.swift in Sources */,
				24AFD1CB1D50F21D002DF526 /* UILabel.swift in Sources */,
				247712161D7885DA000F36F7 /* SettingsLabel.swift in Sources */,
				2476B8D11D5E3072008044A8 /* StoryboardSegueIdentifiers.swift in Sources */,
				248162F81D77313A006DE3B5 /* Audio.swift in Sources */,
				2460A2711D6748C8005E7F2E /* AllWorkoutsTable.swift in Sources */,
				2460A2731D674F66005E7F2E /* WorkoutCell.swift in Sources */,
				248B8E541D7DD49C0003B30C /* RestTimer.swift in Sources */,
				24AFD1E11D50F23B002DF526 /* Button.swift in Sources */,
				247CA2EC1D54182E0087F27A /* HomeWelcomeViews.swift in Sources */,
				246EF46E1D6F60F9005D272E /* AllToSearch.swift in Sources */,
				247CA2E91D540C290087F27A /* HomeDataState.swift in Sources */,
				24B5C24A1D63596B00C0FDD8 /* FABAnimation.swift in Sources */,
				24AFD1E71D50F23B002DF526 /* Header.swift in Sources */,
				24AFD1EF1D50F23B002DF526 /* TouchableView.swift in Sources */,
				2433C1F11D61F12300110F2D /* DatePicker.swift in Sources */,
				248A0B171D6605CA002D4E0C /* Grid.swift in Sources */,
				24887CF11D75C2E70063D3BA /* HomeSetView.swift in Sources */,
				24748B521D6B68F700522E4F /* Int.swift in Sources */,
				24E0E5961D5CDF1700458C60 /* WorkoutTableView.swift in Sources */,
				2433C1F51D62359D00110F2D /* RealmQuery.swift in Sources */,
				24AFD1B51D50F1C4002DF526 /* HeaderLabels.swift in Sources */,
				246745361D7A514C00996F30 /* SimpleDialog.swift in Sources */,
				24AFD1CA1D50F21D002DF526 /* Images.swift in Sources */,
				248B8E561D7DECC60003B30C /* MenuButtonInitializers.swift in Sources */,
				24AFD1AD1D50F1A0002DF526 /* Home.swift in Sources */,
				24AFD1C91D50F21D002DF526 /* Logo.swift in Sources */,
				24AFD1B81D50F1EE002DF526 /* Layout.swift in Sources */,
				248B8E4C1D7D9A9C0003B30C /* HomeContent.swift in Sources */,
				2476B8C81D5E200F008044A8 /* HeaderType.swift in Sources */,
				24AFD1AE1D50F1A0002DF526 /* Sign.swift in Sources */,
				24311FDA1D505F8F00CA7C20 /* AppDelegate.swift in Sources */,
				24AFD1CC1D50F21D002DF526 /* String.swift in Sources */,
				24D6A9111D58FFFE0085EDF5 /* Rect.swift in Sources */,
				243973471D63775F008FC8DA /* SignStandardViews.swift in Sources */,
				2433C1F31D622FC700110F2D /* DatabaseDate.swift in Sources */,
				248695621D65E1470042E3D2 /* SearchBar.swift in Sources */,
				248A0B131D660155002D4E0C /* StatsView.swift in Sources */,
				2409F2621D5CBFC40066A7A3 /* WorkoutTableDateLabel.swift in Sources */,
				24748B501D6B459600522E4F /* WorkoutCellHeader.swift in Sources */,
				24AFD1EE1D50F23B002DF526 /* TextView.swift in Sources */,
				24AFD1CE1D50F21D002DF526 /* Line.swift in Sources */,
				24B7150E1D7F477C002287A5 /* HomeMoreActions.swift in Sources */,
				2476B8CB1D5E2856008044A8 /* Settings.swift in Sources */,
				24AFD1CD1D50F21D002DF526 /* StandardAnimation.swift in Sources */,
				24AFD1E61D50F23B002DF526 /* Font.swift in Sources */,
				24B715121D7F66AB002287A5 /* HomeResultsView.swift in Sources */,
				24AFD1EA1D50F23B002DF526 /* Menu.swift in Sources */,
				248B8E481D7D997D0003B30C /* HomeSetProtocols.swift in Sources */,
				2432F2991D58D26800C89C1B /* Ripple.swift in Sources */,
				2409F25D1D5CB12A0066A7A3 /* PreviewScroller.swift in Sources */,
				245FE48C1D64A0A700AC6DD7 /* Delay.swift in Sources */,
				24728CEA1D5A29F4007EA645 /* TextField.swift in Sources */,
				24AFD20B1D50FA09002DF526 /* Account.swift in Sources */,
				248695661D65FC0B0042E3D2 /* SearchResultsViews.swift in Sources */,
				24AFD1E41D50F23B002DF526 /* Dragable.swift in Sources */,
				245FE48F1D64DA0C00AC6DD7 /* SearchStandardViews.swift in Sources */,
				248924CA1D80772100FE1852 /* Double.swift in Sources */,
				24AFD1B61D50F1C4002DF526 /* WorkoutCardStyle.swift in Sources */,
				24AFD1EB1D50F23B002DF526 /* NavigationBar.swift in Sources */,
				24AFD1E01D50F23B002DF526 /* BackgroundGrey.swift in Sources */,
				24AFD1C51D50F21D002DF526 /* Head.swift in Sources */,
				24AFD1E21D50F23B002DF526 /* Card.swift in Sources */,
				249A80001D6DEF8700BF95B7 /* SuggestionsTable.swift in Sources */,
				249A7FFE1D6DED3100BF95B7 /* Dictionary.swift in Sources */,
				2462ADE41D6347DF0015E955 /* ToolTip.swift in Sources */,
				24748B4E1D6B2C2000522E4F /* Sundays.swift in Sources */,
				2409F2661D5CD3720066A7A3 /* WorkoutTableCell.swift in Sources */,
				2476B8CF1D5E297A008044A8 /* Search.swift in Sources */,
				2476B8CD1D5E2954008044A8 /* NavigationDestinations.swift in Sources */,
				247712111D786B64000F36F7 /* SettingsStandardViews.swift in Sources */,
				247CA2F21D54D8280087F27A /* Tutorial.swift in Sources */,
				2409F2641D5CCA390066A7A3 /* WorkoutLabels.swift in Sources */,
				248194E71D6F316B002B6C7A /* newToPreview.swift in Sources */,
				2460C6461D748936000DEA8B /* JSONSet.swift in Sources */,
				244691F51D5CA0ED008FB687 /* All.swift in Sources */,
				24E4B0451D5253A00028BB5F /* RealmSet.swift in Sources */,
				2452780E1D52F0C30059C427 /* HomeRestView.swift in Sources */,
				248B8E4E1D7D9AB40003B30C /* HomeAccent.swift in Sources */,
			);
			runOnlyForDeploymentPostprocessing = 0;
		};
		24311FE61D505F8F00CA7C20 /* Sources */ = {
			isa = PBXSourcesBuildPhase;
			buildActionMask = 2147483647;
			files = (
				24635AF81D812A42005A6B0C /* HtlaehTest.swift in Sources */,
			);
			runOnlyForDeploymentPostprocessing = 0;
		};
		24311FF11D505F8F00CA7C20 /* Sources */ = {
			isa = PBXSourcesBuildPhase;
			buildActionMask = 2147483647;
			files = (
				24311FFA1D505F8F00CA7C20 /* HtlaehUITests.swift in Sources */,
			);
			runOnlyForDeploymentPostprocessing = 0;
		};
/* End PBXSourcesBuildPhase section */

/* Begin PBXTargetDependency section */
		24311FEC1D505F8F00CA7C20 /* PBXTargetDependency */ = {
			isa = PBXTargetDependency;
			target = 24311FD51D505F8F00CA7C20 /* Htlaeh */;
			targetProxy = 24311FEB1D505F8F00CA7C20 /* PBXContainerItemProxy */;
		};
		24311FF71D505F8F00CA7C20 /* PBXTargetDependency */ = {
			isa = PBXTargetDependency;
			target = 24311FD51D505F8F00CA7C20 /* Htlaeh */;
			targetProxy = 24311FF61D505F8F00CA7C20 /* PBXContainerItemProxy */;
		};
/* End PBXTargetDependency section */

/* Begin PBXVariantGroup section */
		24311FDD1D505F8F00CA7C20 /* Main.storyboard */ = {
			isa = PBXVariantGroup;
			children = (
				24311FDE1D505F8F00CA7C20 /* Base */,
			);
			name = Main.storyboard;
			sourceTree = "<group>";
		};
		24311FE21D505F8F00CA7C20 /* LaunchScreen.storyboard */ = {
			isa = PBXVariantGroup;
			children = (
				24311FE31D505F8F00CA7C20 /* Base */,
			);
			name = LaunchScreen.storyboard;
			sourceTree = "<group>";
		};
/* End PBXVariantGroup section */

/* Begin XCBuildConfiguration section */
		24311FFC1D505F8F00CA7C20 /* Debug */ = {
			isa = XCBuildConfiguration;
			buildSettings = {
				ALWAYS_SEARCH_USER_PATHS = NO;
				CLANG_ANALYZER_NONNULL = YES;
				CLANG_CXX_LANGUAGE_STANDARD = "gnu++0x";
				CLANG_CXX_LIBRARY = "libc++";
				CLANG_ENABLE_MODULES = YES;
				CLANG_ENABLE_OBJC_ARC = YES;
				CLANG_WARN_BOOL_CONVERSION = YES;
				CLANG_WARN_CONSTANT_CONVERSION = YES;
				CLANG_WARN_DIRECT_OBJC_ISA_USAGE = YES_ERROR;
				CLANG_WARN_EMPTY_BODY = YES;
				CLANG_WARN_ENUM_CONVERSION = YES;
				CLANG_WARN_INFINITE_RECURSION = YES;
				CLANG_WARN_INT_CONVERSION = YES;
				CLANG_WARN_OBJC_ROOT_CLASS = YES_ERROR;
				CLANG_WARN_SUSPICIOUS_MOVE = YES;
				CLANG_WARN_UNREACHABLE_CODE = YES;
				CLANG_WARN__DUPLICATE_METHOD_MATCH = YES;
				"CODE_SIGN_IDENTITY[sdk=iphoneos*]" = "iPhone Developer";
				COPY_PHASE_STRIP = NO;
				DEBUG_INFORMATION_FORMAT = dwarf;
				ENABLE_STRICT_OBJC_MSGSEND = YES;
				ENABLE_TESTABILITY = YES;
				GCC_C_LANGUAGE_STANDARD = gnu99;
				GCC_DYNAMIC_NO_PIC = NO;
				GCC_NO_COMMON_BLOCKS = YES;
				GCC_OPTIMIZATION_LEVEL = 0;
				GCC_PREPROCESSOR_DEFINITIONS = (
					"DEBUG=1",
					"$(inherited)",
				);
				GCC_WARN_64_TO_32_BIT_CONVERSION = YES;
				GCC_WARN_ABOUT_RETURN_TYPE = YES_ERROR;
				GCC_WARN_UNDECLARED_SELECTOR = YES;
				GCC_WARN_UNINITIALIZED_AUTOS = YES_AGGRESSIVE;
				GCC_WARN_UNUSED_FUNCTION = YES;
				GCC_WARN_UNUSED_VARIABLE = YES;
				IPHONEOS_DEPLOYMENT_TARGET = 9.3;
				MTL_ENABLE_DEBUG_INFO = YES;
				ONLY_ACTIVE_ARCH = YES;
				SDKROOT = iphoneos;
				SWIFT_OPTIMIZATION_LEVEL = "-Onone";
			};
			name = Debug;
		};
		24311FFD1D505F8F00CA7C20 /* Release */ = {
			isa = XCBuildConfiguration;
			buildSettings = {
				ALWAYS_SEARCH_USER_PATHS = NO;
				CLANG_ANALYZER_NONNULL = YES;
				CLANG_CXX_LANGUAGE_STANDARD = "gnu++0x";
				CLANG_CXX_LIBRARY = "libc++";
				CLANG_ENABLE_MODULES = YES;
				CLANG_ENABLE_OBJC_ARC = YES;
				CLANG_WARN_BOOL_CONVERSION = YES;
				CLANG_WARN_CONSTANT_CONVERSION = YES;
				CLANG_WARN_DIRECT_OBJC_ISA_USAGE = YES_ERROR;
				CLANG_WARN_EMPTY_BODY = YES;
				CLANG_WARN_ENUM_CONVERSION = YES;
				CLANG_WARN_INFINITE_RECURSION = YES;
				CLANG_WARN_INT_CONVERSION = YES;
				CLANG_WARN_OBJC_ROOT_CLASS = YES_ERROR;
				CLANG_WARN_SUSPICIOUS_MOVE = YES;
				CLANG_WARN_UNREACHABLE_CODE = YES;
				CLANG_WARN__DUPLICATE_METHOD_MATCH = YES;
				"CODE_SIGN_IDENTITY[sdk=iphoneos*]" = "iPhone Developer";
				COPY_PHASE_STRIP = NO;
				DEBUG_INFORMATION_FORMAT = "dwarf-with-dsym";
				ENABLE_NS_ASSERTIONS = NO;
				ENABLE_STRICT_OBJC_MSGSEND = YES;
				GCC_C_LANGUAGE_STANDARD = gnu99;
				GCC_NO_COMMON_BLOCKS = YES;
				GCC_WARN_64_TO_32_BIT_CONVERSION = YES;
				GCC_WARN_ABOUT_RETURN_TYPE = YES_ERROR;
				GCC_WARN_UNDECLARED_SELECTOR = YES;
				GCC_WARN_UNINITIALIZED_AUTOS = YES_AGGRESSIVE;
				GCC_WARN_UNUSED_FUNCTION = YES;
				GCC_WARN_UNUSED_VARIABLE = YES;
				IPHONEOS_DEPLOYMENT_TARGET = 9.3;
				MTL_ENABLE_DEBUG_INFO = NO;
				SDKROOT = iphoneos;
				SWIFT_OPTIMIZATION_LEVEL = "-Owholemodule";
				VALIDATE_PRODUCT = YES;
			};
			name = Release;
		};
		24311FFF1D505F8F00CA7C20 /* Debug */ = {
			isa = XCBuildConfiguration;
			baseConfigurationReference = 9151DBA68726E114C2809508 /* Pods-Htlaeh.debug.xcconfig */;
			buildSettings = {
				ALWAYS_EMBED_SWIFT_STANDARD_LIBRARIES = YES;
				ASSETCATALOG_COMPILER_APPICON_NAME = AppIcon;
				CODE_SIGN_IDENTITY = "iPhone Developer";
				"CODE_SIGN_IDENTITY[sdk=iphoneos*]" = "iPhone Developer";
				INFOPLIST_FILE = Htlaeh/Info.plist;
				IPHONEOS_DEPLOYMENT_TARGET = 8.0;
				LD_RUNPATH_SEARCH_PATHS = "$(inherited) @executable_path/Frameworks";
				PRODUCT_BUNDLE_IDENTIFIER = Htlaeh.Htlaeh;
				PRODUCT_NAME = "$(TARGET_NAME)";
				PROVISIONING_PROFILE = "";
				SWIFT_VERSION = 3.0;
			};
			name = Debug;
		};
		243120001D505F8F00CA7C20 /* Release */ = {
			isa = XCBuildConfiguration;
			baseConfigurationReference = D8D603A4AB82068ACBF6DFD1 /* Pods-Htlaeh.release.xcconfig */;
			buildSettings = {
				ALWAYS_EMBED_SWIFT_STANDARD_LIBRARIES = YES;
				ASSETCATALOG_COMPILER_APPICON_NAME = AppIcon;
				CODE_SIGN_IDENTITY = "iPhone Developer";
				"CODE_SIGN_IDENTITY[sdk=iphoneos*]" = "iPhone Developer";
				INFOPLIST_FILE = Htlaeh/Info.plist;
				IPHONEOS_DEPLOYMENT_TARGET = 8.0;
				LD_RUNPATH_SEARCH_PATHS = "$(inherited) @executable_path/Frameworks";
				PRODUCT_BUNDLE_IDENTIFIER = Htlaeh.Htlaeh;
				PRODUCT_NAME = "$(TARGET_NAME)";
				PROVISIONING_PROFILE = "";
				SWIFT_VERSION = 3.0;
			};
			name = Release;
		};
		243120021D505F8F00CA7C20 /* Debug */ = {
			isa = XCBuildConfiguration;
			baseConfigurationReference = 4FC84A9ABAF7CD956A72762A /* Pods-HtlaehTests.debug.xcconfig */;
			buildSettings = {
				BUNDLE_LOADER = "$(TEST_HOST)";
				INFOPLIST_FILE = HtlaehTests/Info.plist;
				LD_RUNPATH_SEARCH_PATHS = "$(inherited) @executable_path/Frameworks @loader_path/Frameworks";
				PRODUCT_BUNDLE_IDENTIFIER = Htlaeh.HtlaehTests;
				PRODUCT_NAME = "$(TARGET_NAME)";
				SWIFT_VERSION = 3.0;
				TEST_HOST = "$(BUILT_PRODUCTS_DIR)/Htlaeh.app/Htlaeh";
			};
			name = Debug;
		};
		243120031D505F8F00CA7C20 /* Release */ = {
			isa = XCBuildConfiguration;
			baseConfigurationReference = 0F42263300B320C9E070B811 /* Pods-HtlaehTests.release.xcconfig */;
			buildSettings = {
				BUNDLE_LOADER = "$(TEST_HOST)";
				INFOPLIST_FILE = HtlaehTests/Info.plist;
				LD_RUNPATH_SEARCH_PATHS = "$(inherited) @executable_path/Frameworks @loader_path/Frameworks";
				PRODUCT_BUNDLE_IDENTIFIER = Htlaeh.HtlaehTests;
				PRODUCT_NAME = "$(TARGET_NAME)";
				SWIFT_VERSION = 3.0;
				TEST_HOST = "$(BUILT_PRODUCTS_DIR)/Htlaeh.app/Htlaeh";
			};
			name = Release;
		};
		243120051D505F8F00CA7C20 /* Debug */ = {
			isa = XCBuildConfiguration;
			baseConfigurationReference = BF1A8F64046FEFFA18CEAABC /* Pods-HtlaehUITests.debug.xcconfig */;
			buildSettings = {
				INFOPLIST_FILE = HtlaehUITests/Info.plist;
				LD_RUNPATH_SEARCH_PATHS = "$(inherited) @executable_path/Frameworks @loader_path/Frameworks";
				PRODUCT_BUNDLE_IDENTIFIER = Htlaeh.HtlaehUITests;
				PRODUCT_NAME = "$(TARGET_NAME)";
				SWIFT_VERSION = 3.0;
				TEST_TARGET_NAME = Htlaeh;
			};
			name = Debug;
		};
		243120061D505F8F00CA7C20 /* Release */ = {
			isa = XCBuildConfiguration;
			baseConfigurationReference = A5918BF8368AFE0A4DD0CE82 /* Pods-HtlaehUITests.release.xcconfig */;
			buildSettings = {
				INFOPLIST_FILE = HtlaehUITests/Info.plist;
				LD_RUNPATH_SEARCH_PATHS = "$(inherited) @executable_path/Frameworks @loader_path/Frameworks";
				PRODUCT_BUNDLE_IDENTIFIER = Htlaeh.HtlaehUITests;
				PRODUCT_NAME = "$(TARGET_NAME)";
				SWIFT_VERSION = 3.0;
				TEST_TARGET_NAME = Htlaeh;
			};
			name = Release;
		};
/* End XCBuildConfiguration section */

/* Begin XCConfigurationList section */
		24311FD11D505F8F00CA7C20 /* Build configuration list for PBXProject "Htlaeh" */ = {
			isa = XCConfigurationList;
			buildConfigurations = (
				24311FFC1D505F8F00CA7C20 /* Debug */,
				24311FFD1D505F8F00CA7C20 /* Release */,
			);
			defaultConfigurationIsVisible = 0;
			defaultConfigurationName = Release;
		};
		24311FFE1D505F8F00CA7C20 /* Build configuration list for PBXNativeTarget "Htlaeh" */ = {
			isa = XCConfigurationList;
			buildConfigurations = (
				24311FFF1D505F8F00CA7C20 /* Debug */,
				243120001D505F8F00CA7C20 /* Release */,
			);
			defaultConfigurationIsVisible = 0;
			defaultConfigurationName = Release;
		};
		243120011D505F8F00CA7C20 /* Build configuration list for PBXNativeTarget "HtlaehTests" */ = {
			isa = XCConfigurationList;
			buildConfigurations = (
				243120021D505F8F00CA7C20 /* Debug */,
				243120031D505F8F00CA7C20 /* Release */,
			);
			defaultConfigurationIsVisible = 0;
			defaultConfigurationName = Release;
		};
		243120041D505F8F00CA7C20 /* Build configuration list for PBXNativeTarget "HtlaehUITests" */ = {
			isa = XCConfigurationList;
			buildConfigurations = (
				243120051D505F8F00CA7C20 /* Debug */,
				243120061D505F8F00CA7C20 /* Release */,
			);
			defaultConfigurationIsVisible = 0;
			defaultConfigurationName = Release;
		};
/* End XCConfigurationList section */
	};
	rootObject = 24311FCE1D505F8F00CA7C20 /* Project object */;
}
